
Microsoft Visual Studio Solution File, Format Version 12.00
# Visual Studio Version 17
VisualStudioVersion = 17.14.36915.13
MinimumVisualStudioVersion = 10.0.40219.1
Project("{2150E333-8FDC-42A3-9474-1A3956D46DE8}") = "src", "src", "{02EA681E-C7D8-13C7-8484-4AC65E1B71E8}"
EndProject
Project("{2150E333-8FDC-42A3-9474-1A3956D46DE8}") = "BuildingBlocks", "BuildingBlocks", "{90C6817F-E21B-4E65-94D8-071016C4B129}"
EndProject
Project("{FAE04EC0-301F-11D3-BF4B-00C04F79EFBC}") = "YallaJo.SharedKernel", "YallaJo.SharedKernel\YallaJo.SharedKernel.csproj", "{EDA6F055-7126-4266-85FA-373EF5D7E065}"
EndProject
Project("{2150E333-8FDC-42A3-9474-1A3956D46DE8}") = "Modules", "Modules", "{8BFC7C8F-1D77-42EE-9470-849B35AE6802}"
EndProject
Project("{2150E333-8FDC-42A3-9474-1A3956D46DE8}") = "Users", "Users", "{7254E093-B8C6-4E02-9A00-DAC73550252C}"
EndProject
Project("{FAE04EC0-301F-11D3-BF4B-00C04F79EFBC}") = "Users.Domain", "Users.Domain\Users.Domain.csproj", "{71F92707-1F6A-4112-93C2-3C5B256973AC}"
EndProject
Project("{FAE04EC0-301F-11D3-BF4B-00C04F79EFBC}") = "Users.Application", "Users.Application\Users.Application.csproj", "{6E588341-5D3A-481A-99D3-55F97C77B4B8}"
EndProject
Project("{FAE04EC0-301F-11D3-BF4B-00C04F79EFBC}") = "Users.Infrastructure", "Users.Infrastructure\Users.Infrastructure.csproj", "{3273C3F9-05BE-493F-AFE1-2FC6B57DB7A2}"
EndProject
Project("{FAE04EC0-301F-11D3-BF4B-00C04F79EFBC}") = "Users.Presentation", "Users.Presentation\Users.Presentation.csproj", "{538CC2E5-36D7-4E48-8665-BFCB066E67F5}"
EndProject
Global
	GlobalSection(SolutionConfigurationPlatforms) = preSolution
		Debug|Any CPU = Debug|Any CPU
		Release|Any CPU = Release|Any CPU
	EndGlobalSection
	GlobalSection(ProjectConfigurationPlatforms) = postSolution
		{EDA6F055-7126-4266-85FA-373EF5D7E065}.Debug|Any CPU.ActiveCfg = Debug|Any CPU
		{EDA6F055-7126-4266-85FA-373EF5D7E065}.Debug|Any CPU.Build.0 = Debug|Any CPU
		{EDA6F055-7126-4266-85FA-373EF5D7E065}.Release|Any CPU.ActiveCfg = Release|Any CPU
		{EDA6F055-7126-4266-85FA-373EF5D7E065}.Release|Any CPU.Build.0 = Release|Any CPU
		{71F92707-1F6A-4112-93C2-3C5B256973AC}.Debug|Any CPU.ActiveCfg = Debug|Any CPU
		{71F92707-1F6A-4112-93C2-3C5B256973AC}.Debug|Any CPU.Build.0 = Debug|Any CPU
		{71F92707-1F6A-4112-93C2-3C5B256973AC}.Release|Any CPU.ActiveCfg = Release|Any CPU
		{71F92707-1F6A-4112-93C2-3C5B256973AC}.Release|Any CPU.Build.0 = Release|Any CPU
		{6E588341-5D3A-481A-99D3-55F97C77B4B8}.Debug|Any CPU.ActiveCfg = Debug|Any CPU
		{6E588341-5D3A-481A-99D3-55F97C77B4B8}.Debug|Any CPU.Build.0 = Debug|Any CPU
		{6E588341-5D3A-481A-99D3-55F97C77B4B8}.Release|Any CPU.ActiveCfg = Release|Any CPU
		{6E588341-5D3A-481A-99D3-55F97C77B4B8}.Release|Any CPU.Build.0 = Release|Any CPU
		{3273C3F9-05BE-493F-AFE1-2FC6B57DB7A2}.Debug|Any CPU.ActiveCfg = Debug|Any CPU
		{3273C3F9-05BE-493F-AFE1-2FC6B57DB7A2}.Debug|Any CPU.Build.0 = Debug|Any CPU
		{3273C3F9-05BE-493F-AFE1-2FC6B57DB7A2}.Release|Any CPU.ActiveCfg = Release|Any CPU
		{3273C3F9-05BE-493F-AFE1-2FC6B57DB7A2}.Release|Any CPU.Build.0 = Release|Any CPU
		{538CC2E5-36D7-4E48-8665-BFCB066E67F5}.Debug|Any CPU.ActiveCfg = Debug|Any CPU
		{538CC2E5-36D7-4E48-8665-BFCB066E67F5}.Debug|Any CPU.Build.0 = Debug|Any CPU
		{538CC2E5-36D7-4E48-8665-BFCB066E67F5}.Release|Any CPU.ActiveCfg = Release|Any CPU
		{538CC2E5-36D7-4E48-8665-BFCB066E67F5}.Release|Any CPU.Build.0 = Release|Any CPU
	EndGlobalSection
	GlobalSection(SolutionProperties) = preSolution
		HideSolutionNode = FALSE
	EndGlobalSection
	GlobalSection(NestedProjects) = preSolution
		{90C6817F-E21B-4E65-94D8-071016C4B129} = {02EA681E-C7D8-13C7-8484-4AC65E1B71E8}
		{EDA6F055-7126-4266-85FA-373EF5D7E065} = {90C6817F-E21B-4E65-94D8-071016C4B129}
		{8BFC7C8F-1D77-42EE-9470-849B35AE6802} = {02EA681E-C7D8-13C7-8484-4AC65E1B71E8}
		{7254E093-B8C6-4E02-9A00-DAC73550252C} = {8BFC7C8F-1D77-42EE-9470-849B35AE6802}
		{71F92707-1F6A-4112-93C2-3C5B256973AC} = {7254E093-B8C6-4E02-9A00-DAC73550252C}
		{6E588341-5D3A-481A-99D3-55F97C77B4B8} = {7254E093-B8C6-4E02-9A00-DAC73550252C}
		{3273C3F9-05BE-493F-AFE1-2FC6B57DB7A2} = {7254E093-B8C6-4E02-9A00-DAC73550252C}
		{538CC2E5-36D7-4E48-8665-BFCB066E67F5} = {7254E093-B8C6-4E02-9A00-DAC73550252C}
	EndGlobalSection
	GlobalSection(ExtensibilityGlobals) = postSolution
		SolutionGuid = {0EB4D6C8-054D-4543-BCBB-640115934A4C}
	EndGlobalSection
EndGlobal
