
Microsoft Visual Studio Solution File, Format Version 12.00
# Visual Studio Version 17
VisualStudioVersion = 17.14.36915.13 d17.14
MinimumVisualStudioVersion = 10.0.40219.1
Project("{2150E333-8FDC-42A3-9474-1A3956D46DE8}") = "src", "src", "{02EA681E-C7D8-13C7-8484-4AC65E1B71E8}"
EndProject
Project("{2150E333-8FDC-42A3-9474-1A3956D46DE8}") = "BuildingBlocks", "BuildingBlocks", "{90C6817F-E21B-4E65-94D8-071016C4B129}"
EndProject
Project("{FAE04EC0-301F-11D3-BF4B-00C04F79EFBC}") = "YallaJo.SharedKernel.Domain", "YallaJo.SharedKernel.Domain\YallaJo.SharedKernel.Domain.csproj", "{A1B2C3D4-E5F6-7890-ABCD-EF1234567890}"
EndProject
Project("{FAE04EC0-301F-11D3-BF4B-00C04F79EFBC}") = "YallaJo.SharedKernel.Application", "YallaJo.SharedKernel.Application\YallaJo.SharedKernel.Application.csproj", "{B2C3D4E5-F6A7-8901-BCDE-F12345678901}"
EndProject
Project("{FAE04EC0-301F-11D3-BF4B-00C04F79EFBC}") = "YallaJo.SharedKernel.Infrastructure", "YallaJo.SharedKernel.Infrastructure\YallaJo.SharedKernel.Infrastructure.csproj", "{C3D4E5F6-A7B8-9012-CDEF-123456789012}"
EndProject
Project("{FAE04EC0-301F-11D3-BF4B-00C04F79EFBC}") = "YallaJo.Api", "YallaJo.Api\YallaJo.Api.csproj", "{D4E5F6A7-B8C9-0123-DEF0-234567890123}"
EndProject
Project("{2150E333-8FDC-42A3-9474-1A3956D46DE8}") = "Modules", "Modules", "{8BFC7C8F-1D77-42EE-9470-849B35AE6802}"
EndProject
Project("{2150E333-8FDC-42A3-9474-1A3956D46DE8}") = "Auth", "Auth", "{ED91F3F6-973D-4816-88ED-6951A6A43D7B}"
EndProject
Project("{FAE04EC0-301F-11D3-BF4B-00C04F79EFBC}") = "Auth.Application", "Auth.Application\Auth.Application.csproj", "{5272742C-C623-4BF2-A65C-5D74C2CB4BC2}"
EndProject
Project("{FAE04EC0-301F-11D3-BF4B-00C04F79EFBC}") = "Auth.Domain", "Auth.Domain\Auth.Domain.csproj", "{09F1657F-D4BF-4C1B-A4BD-9D9DB1B084E8}"
EndProject
Project("{FAE04EC0-301F-11D3-BF4B-00C04F79EFBC}") = "Auth.Infrastructure", "Auth.Infrastructure\Auth.Infrastructure.csproj", "{2B2461CD-02DA-4F69-BF96-DD46C7143690}"
EndProject
Project("{2150E333-8FDC-42A3-9474-1A3956D46DE8}") = "Accounts", "Accounts", "{D48927A7-E665-481A-B076-939350FD9D55}"
EndProject
Project("{FAE04EC0-301F-11D3-BF4B-00C04F79EFBC}") = "Accounts.Domain", "Accounts.Domain\Accounts.Domain.csproj", "{643E188C-9A19-463B-8AA0-44B2C953896B}"
EndProject
Project("{FAE04EC0-301F-11D3-BF4B-00C04F79EFBC}") = "Accounts.Application", "Accounts.Application\Accounts.Application.csproj", "{1EA34CA4-3B76-42A7-AEEA-466DBB3399AC}"
EndProject
Project("{FAE04EC0-301F-11D3-BF4B-00C04F79EFBC}") = "Accounts.Infrastructure", "Accounts.Infrastructure\Accounts.Infrastructure.csproj", "{2BBA8965-59CA-4CBA-BFAC-6CBFAB65D489}"
EndProject
Project("{FAE04EC0-301F-11D3-BF4B-00C04F79EFBC}") = "Accounts.Contracts", "Accounts.Contracts\Accounts.Contracts.csproj", "{F7A8B9C0-D1E2-3456-F012-456789012345}"
EndProject
Project("{2150E333-8FDC-42A3-9474-1A3956D46DE8}") = "Security", "Security", "{6DEA0947-9B87-4539-83FC-14A2E7FC13B1}"
EndProject
Project("{FAE04EC0-301F-11D3-BF4B-00C04F79EFBC}") = "Security.Domain", "Security.Domain\Security.Domain.csproj", "{C2434D34-CEBE-4DB5-9B4A-19E5519A8E43}"
EndProject
Project("{FAE04EC0-301F-11D3-BF4B-00C04F79EFBC}") = "Security.Application", "Security.Application\Security.Application.csproj", "{C23624E5-7F97-46DD-AC9D-CF94B1109B4B}"
EndProject
Project("{FAE04EC0-301F-11D3-BF4B-00C04F79EFBC}") = "Security.Infrastructure", "Security.Infrastructure\Security.Infrastructure.csproj", "{7E30A57F-801D-45D6-B944-34063B978F4F}"
EndProject
Project("{FAE04EC0-301F-11D3-BF4B-00C04F79EFBC}") = "Accounts.Presentation", "Accounts.Presentation\Accounts.Presentation.csproj", "{482DF939-DAB3-47F3-B65E-A9EEC67B3BD5}"
EndProject
Project("{FAE04EC0-301F-11D3-BF4B-00C04F79EFBC}") = "Auth.Presentation", "Auth.Presentation\Auth.Presentation.csproj", "{70CF8508-E559-4E06-9CC2-C0D211730BC3}"
EndProject
Project("{FAE04EC0-301F-11D3-BF4B-00C04F79EFBC}") = "Security.Presentation", "Security.Presentation\Security.Presentation.csproj", "{EB9221CB-1EE5-45D2-952C-AC746DF7A634}"
EndProject
Project("{2150E333-8FDC-42A3-9474-1A3956D46DE8}") = "Hosts", "Hosts", "{8E71731B-5A1C-4E07-8BAC-AC4E2DF19153}"
EndProject
Project("{FAE04EC0-301F-11D3-BF4B-00C04F79EFBC}") = "Security.Contracts", "Security.Contracts\Security.Contracts.csproj", "{A4D53ECE-15BC-462B-AD21-92B39B6FAF34}"
EndProject
Project("{FAE04EC0-301F-11D3-BF4B-00C04F79EFBC}") = "Auth.Contracts", "Auth.Contracts\Auth.Contracts.csproj", "{97939DA0-BA14-4A70-B5D0-F37E2C22FD8E}"
EndProject
Project("{2150E333-8FDC-42A3-9474-1A3956D46DE8}") = "ContentCore", "ContentCore", "{3CF84864-D297-F17A-155D-2B4DB468456C}"
EndProject
Project("{FAE04EC0-301F-11D3-BF4B-00C04F79EFBC}") = "ContentCore.Domain", "ContentCore.Domain\ContentCore.Domain.csproj", "{E687C1EC-CC2C-4C1A-98A2-C15675E8CB70}"
EndProject
Project("{FAE04EC0-301F-11D3-BF4B-00C04F79EFBC}") = "ContentCore.Application", "ContentCore.Application\ContentCore.Application.csproj", "{88D76271-4D44-4956-B30E-66F87ED48293}"
EndProject
Project("{FAE04EC0-301F-11D3-BF4B-00C04F79EFBC}") = "ContentCore.Contracts", "ContentCore.Contracts\ContentCore.Contracts.csproj", "{4D2027D3-49C5-4088-94EB-0CF7B97B9529}"
EndProject
Project("{FAE04EC0-301F-11D3-BF4B-00C04F79EFBC}") = "ContentCore.Infrastructure", "ContentCore.Infrastructure\ContentCore.Infrastructure.csproj", "{1B632441-4EA5-4E6A-99C6-F4B014C00DCE}"
EndProject
Project("{FAE04EC0-301F-11D3-BF4B-00C04F79EFBC}") = "ContentCore.Presentation", "ContentCore.Presentation\ContentCore.Presentation.csproj", "{D130E592-481C-4557-989A-BA69256D351C}"
EndProject
Project("{2150E333-8FDC-42A3-9474-1A3956D46DE8}") = "ContentTours", "ContentTours", "{F79A8F5D-CC2B-EE1B-E46A-35F878113F00}"
EndProject
Project("{FAE04EC0-301F-11D3-BF4B-00C04F79EFBC}") = "ContentTours.Domain", "ContentTours.Domain\ContentTours.Domain.csproj", "{A82F9EBE-DD82-4F1A-98D5-A27CB6B3E11F}"
EndProject
Project("{FAE04EC0-301F-11D3-BF4B-00C04F79EFBC}") = "ContentTours.Application", "ContentTours.Application\ContentTours.Application.csproj", "{4FBAB09F-5D2F-4CCC-9E43-A42EDDE1211E}"
EndProject
Project("{FAE04EC0-301F-11D3-BF4B-00C04F79EFBC}") = "ContentTours.Contracts", "ContentTours.Contracts\ContentTours.Contracts.csproj", "{BEEFCEDE-D79F-459A-A780-1F331E85074E}"
EndProject
Project("{FAE04EC0-301F-11D3-BF4B-00C04F79EFBC}") = "ContentTours.Infrastructure", "ContentTours.Infrastructure\ContentTours.Infrastructure.csproj", "{1B64E1E8-0CFA-44BE-890E-C449CE348122}"
EndProject
Project("{FAE04EC0-301F-11D3-BF4B-00C04F79EFBC}") = "ContentTours.Presentation", "ContentTours.Presentation\ContentTours.Presentation.csproj", "{37765A73-8902-4806-A95E-DD6295D8E69B}"
EndProject
Project("{2150E333-8FDC-42A3-9474-1A3956D46DE8}") = "ContentBlogs", "ContentBlogs", "{EE25DD69-B5F4-93F4-83AE-EC2C0BBB3082}"
EndProject
Project("{FAE04EC0-301F-11D3-BF4B-00C04F79EFBC}") = "ContentBlogs.Domain", "ContentBlogs.Domain\ContentBlogs.Domain.csproj", "{734E944F-C231-4241-80E4-05F5BA9B63F1}"
EndProject
Project("{FAE04EC0-301F-11D3-BF4B-00C04F79EFBC}") = "ContentBlogs.Application", "ContentBlogs.Application\ContentBlogs.Application.csproj", "{B7A0E05E-E716-48BB-AF89-B0CA9CB654EA}"
EndProject
Project("{FAE04EC0-301F-11D3-BF4B-00C04F79EFBC}") = "ContentBlogs.Contracts", "ContentBlogs.Contracts\ContentBlogs.Contracts.csproj", "{6329237C-A523-4C2E-B818-DAFB8ED70E6F}"
EndProject
Project("{FAE04EC0-301F-11D3-BF4B-00C04F79EFBC}") = "ContentBlogs.Infrastructure", "ContentBlogs.Infrastructure\ContentBlogs.Infrastructure.csproj", "{C11C6D45-00B3-468E-9D74-E62F44C4639D}"
EndProject
Project("{FAE04EC0-301F-11D3-BF4B-00C04F79EFBC}") = "ContentBlogs.Presentation", "ContentBlogs.Presentation\ContentBlogs.Presentation.csproj", "{361F9AD3-E8FF-42FC-8924-C2C29C2858DB}"
EndProject
Project("{2150E333-8FDC-42A3-9474-1A3956D46DE8}") = "ContentSeo", "ContentSeo", "{B6596250-615F-F470-90EA-E98F9A4BB1A6}"
EndProject
Project("{FAE04EC0-301F-11D3-BF4B-00C04F79EFBC}") = "ContentSeo.Domain", "ContentSeo.Domain\ContentSeo.Domain.csproj", "{9FA05AB5-1A72-40DF-9785-2715E7EB7A98}"
EndProject
Project("{FAE04EC0-301F-11D3-BF4B-00C04F79EFBC}") = "ContentSeo.Application", "ContentSeo.Application\ContentSeo.Application.csproj", "{47582979-34E8-4576-969F-1EF1C9CBA685}"
EndProject
Project("{FAE04EC0-301F-11D3-BF4B-00C04F79EFBC}") = "ContentSeo.Contracts", "ContentSeo.Contracts\ContentSeo.Contracts.csproj", "{141C8B39-3381-4286-9892-67987A5ED95A}"
EndProject
Project("{FAE04EC0-301F-11D3-BF4B-00C04F79EFBC}") = "ContentSeo.Infrastructure", "ContentSeo.Infrastructure\ContentSeo.Infrastructure.csproj", "{267EBC03-1422-4DDF-B6C6-B7054A597FFB}"
EndProject
Project("{FAE04EC0-301F-11D3-BF4B-00C04F79EFBC}") = "ContentSeo.Presentation", "ContentSeo.Presentation\ContentSeo.Presentation.csproj", "{35C8FEA5-F061-45B9-A522-93F331929CC1}"
EndProject
Project("{2150E333-8FDC-42A3-9474-1A3956D46DE8}") = "Booking", "Booking", "{00135047-454A-5037-0153-970F286B38C5}"
EndProject
Project("{FAE04EC0-301F-11D3-BF4B-00C04F79EFBC}") = "Booking.Domain", "Booking.Domain\Booking.Domain.csproj", "{D156F79A-DF0E-4065-9871-760CE4FDB476}"
EndProject
Project("{FAE04EC0-301F-11D3-BF4B-00C04F79EFBC}") = "Booking.Application", "Booking.Application\Booking.Application.csproj", "{B42598EB-3E49-40A0-9E64-32DF80C8BFDC}"
EndProject
Project("{FAE04EC0-301F-11D3-BF4B-00C04F79EFBC}") = "Booking.Contracts", "Booking.Contracts\Booking.Contracts.csproj", "{FCD40292-77C5-4927-BC0E-F26A6E378D15}"
EndProject
Project("{FAE04EC0-301F-11D3-BF4B-00C04F79EFBC}") = "Booking.Infrastructure", "Booking.Infrastructure\Booking.Infrastructure.csproj", "{E5AA54F2-D378-4086-AE59-528FCF1CA850}"
EndProject
Project("{FAE04EC0-301F-11D3-BF4B-00C04F79EFBC}") = "Booking.Presentation", "Booking.Presentation\Booking.Presentation.csproj", "{AB6880EC-3122-4FAC-8914-2F6F0BC9ED60}"
EndProject
Project("{2150E333-8FDC-42A3-9474-1A3956D46DE8}") = "Messaging", "Messaging", "{A4CE10EC-FB56-1C74-E9F2-CFEE4B858A8F}"
EndProject
Project("{FAE04EC0-301F-11D3-BF4B-00C04F79EFBC}") = "Messaging.Domain", "Messaging.Domain\Messaging.Domain.csproj", "{BFF8BC31-3467-40DE-8E6C-13B09EBDA9B8}"
EndProject
Project("{FAE04EC0-301F-11D3-BF4B-00C04F79EFBC}") = "Messaging.Application", "Messaging.Application\Messaging.Application.csproj", "{F2A1FE65-7FC0-4C70-B123-C92DB79B7FEA}"
EndProject
Project("{FAE04EC0-301F-11D3-BF4B-00C04F79EFBC}") = "Messaging.Contracts", "Messaging.Contracts\Messaging.Contracts.csproj", "{DB9FB69C-7966-4ED7-8F3C-8827749958F1}"
EndProject
Project("{FAE04EC0-301F-11D3-BF4B-00C04F79EFBC}") = "Messaging.Infrastructure", "Messaging.Infrastructure\Messaging.Infrastructure.csproj", "{EDFC1B08-087F-4ADB-AC40-743755184C3C}"
EndProject
Project("{FAE04EC0-301F-11D3-BF4B-00C04F79EFBC}") = "Messaging.Presentation", "Messaging.Presentation\Messaging.Presentation.csproj", "{3C53BE64-DF7F-434C-B8A1-712415F3196B}"
EndProject
Project("{2150E333-8FDC-42A3-9474-1A3956D46DE8}") = "Tracking", "Tracking", "{840CEE81-E3E0-7B11-DF20-1C8E966B7107}"
EndProject
Project("{FAE04EC0-301F-11D3-BF4B-00C04F79EFBC}") = "Tracking.Domain", "Tracking.Domain\Tracking.Domain.csproj", "{BE6A4F24-EDAF-4017-96DE-B70CF9C76C80}"
EndProject
Project("{FAE04EC0-301F-11D3-BF4B-00C04F79EFBC}") = "Tracking.Application", "Tracking.Application\Tracking.Application.csproj", "{4F427ACD-93ED-4FD8-98E6-07F6AB0C7820}"
EndProject
Project("{FAE04EC0-301F-11D3-BF4B-00C04F79EFBC}") = "Tracking.Contracts", "Tracking.Contracts\Tracking.Contracts.csproj", "{B0AE1CF8-EABF-4402-8C51-4BC04B7ACA8A}"
EndProject
Project("{FAE04EC0-301F-11D3-BF4B-00C04F79EFBC}") = "Tracking.Infrastructure", "Tracking.Infrastructure\Tracking.Infrastructure.csproj", "{DEE350E4-C2BD-458E-9964-B1A178FF1F80}"
EndProject
Project("{FAE04EC0-301F-11D3-BF4B-00C04F79EFBC}") = "Tracking.Presentation", "Tracking.Presentation\Tracking.Presentation.csproj", "{759BAEF6-3AF8-4BD3-B6E1-20A56C0FE676}"
EndProject
Project("{2150E333-8FDC-42A3-9474-1A3956D46DE8}") = "Analytics", "Analytics", "{F463BB37-CCD7-5EA2-DD58-D50DAE59D09D}"
EndProject
Project("{FAE04EC0-301F-11D3-BF4B-00C04F79EFBC}") = "Analytics.Domain", "Analytics.Domain\Analytics.Domain.csproj", "{3D8D5368-1878-45C2-974D-4FD4523C7CB8}"
EndProject
Project("{FAE04EC0-301F-11D3-BF4B-00C04F79EFBC}") = "Analytics.Application", "Analytics.Application\Analytics.Application.csproj", "{6E1784B0-DDF4-431A-93DF-95247FD025D4}"
EndProject
Project("{FAE04EC0-301F-11D3-BF4B-00C04F79EFBC}") = "Analytics.Contracts", "Analytics.Contracts\Analytics.Contracts.csproj", "{7E7D0719-379B-4723-BB17-B8CE19324667}"
EndProject
Project("{FAE04EC0-301F-11D3-BF4B-00C04F79EFBC}") = "Analytics.Infrastructure", "Analytics.Infrastructure\Analytics.Infrastructure.csproj", "{B281EEE4-208C-456D-8D10-5AFF8805A598}"
EndProject
Project("{FAE04EC0-301F-11D3-BF4B-00C04F79EFBC}") = "Analytics.Presentation", "Analytics.Presentation\Analytics.Presentation.csproj", "{7975F1B7-CC87-4C9E-8700-5523D4725402}"
EndProject
Project("{2150E333-8FDC-42A3-9474-1A3956D46DE8}") = "Finance", "Finance", "{1797AFA9-8BD0-2422-E462-1D1382C50A4C}"
EndProject
Project("{FAE04EC0-301F-11D3-BF4B-00C04F79EFBC}") = "Finance.Domain", "Finance.Domain\Finance.Domain.csproj", "{C91C4697-B377-4BFC-8F76-F9FFBA04C26C}"
EndProject
Project("{FAE04EC0-301F-11D3-BF4B-00C04F79EFBC}") = "Finance.Application", "Finance.Application\Finance.Application.csproj", "{79654CE4-0B38-4B4D-A5F9-92E4B2EAD137}"
EndProject
Project("{FAE04EC0-301F-11D3-BF4B-00C04F79EFBC}") = "Finance.Contracts", "Finance.Contracts\Finance.Contracts.csproj", "{7713D920-438A-4A02-906D-E3CFB8BBA96F}"
EndProject
Project("{FAE04EC0-301F-11D3-BF4B-00C04F79EFBC}") = "Finance.Infrastructure", "Finance.Infrastructure\Finance.Infrastructure.csproj", "{D713EF7C-906C-46DF-A325-1CA007C049A0}"
EndProject
Project("{FAE04EC0-301F-11D3-BF4B-00C04F79EFBC}") = "Finance.Presentation", "Finance.Presentation\Finance.Presentation.csproj", "{D3E6CC7E-15E9-4D8A-855D-95E5590031FA}"
EndProject
Project("{2150E333-8FDC-42A3-9474-1A3956D46DE8}") = "Social", "Social", "{09FB44B1-0203-85CE-FE05-4BB2F3A07D76}"
EndProject
Project("{FAE04EC0-301F-11D3-BF4B-00C04F79EFBC}") = "Social.Domain", "Social.Domain\Social.Domain.csproj", "{5FDD0C46-4AB5-4021-B23D-206AA51AF7AC}"
EndProject
Project("{FAE04EC0-301F-11D3-BF4B-00C04F79EFBC}") = "Social.Application", "Social.Application\Social.Application.csproj", "{F7CA55B9-A8F9-4389-B65B-F8BFAA986089}"
EndProject
Project("{FAE04EC0-301F-11D3-BF4B-00C04F79EFBC}") = "Social.Contracts", "Social.Contracts\Social.Contracts.csproj", "{46E744AB-9B14-40B7-9CE4-38FC506C1745}"
EndProject
Project("{FAE04EC0-301F-11D3-BF4B-00C04F79EFBC}") = "Social.Infrastructure", "Social.Infrastructure\Social.Infrastructure.csproj", "{15EADE8D-A550-4EC2-A0CC-FE35663D5197}"
EndProject
Project("{FAE04EC0-301F-11D3-BF4B-00C04F79EFBC}") = "Social.Presentation", "Social.Presentation\Social.Presentation.csproj", "{143F9EC9-B9AD-433C-8337-C2FC2A7C2177}"
EndProject
Project("{2150E333-8FDC-42A3-9474-1A3956D46DE8}") = "ContentPlaces", "ContentPlaces", "{24F553AB-A7BE-A184-4521-891DAA334CC3}"
EndProject
Project("{FAE04EC0-301F-11D3-BF4B-00C04F79EFBC}") = "ContentPlaces.Domain", "ContentPlaces.Domain\ContentPlaces.Domain.csproj", "{1022B926-035E-4A33-AD4A-569C1D6AD09B}"
EndProject
Project("{FAE04EC0-301F-11D3-BF4B-00C04F79EFBC}") = "ContentPlaces.Application", "ContentPlaces.Application\ContentPlaces.Application.csproj", "{4C6D45B2-F6D8-4E98-8DEB-56691E8DE6AE}"
EndProject
Project("{FAE04EC0-301F-11D3-BF4B-00C04F79EFBC}") = "ContentPlaces.Contracts", "ContentPlaces.Contracts\ContentPlaces.Contracts.csproj", "{AEDBBA0D-CCDF-4748-ACFF-91217362194E}"
EndProject
Project("{FAE04EC0-301F-11D3-BF4B-00C04F79EFBC}") = "ContentPlaces.Infrastructure", "ContentPlaces.Infrastructure\ContentPlaces.Infrastructure.csproj", "{74A70032-CC8B-4FB8-B89E-0DC66D6B6BE3}"
EndProject
Project("{FAE04EC0-301F-11D3-BF4B-00C04F79EFBC}") = "ContentPlaces.Presentation", "ContentPlaces.Presentation\ContentPlaces.Presentation.csproj", "{72125E76-3C66-48D1-9C1E-291BFC6129B7}"
EndProject
Project("{FAE04EC0-301F-11D3-BF4B-00C04F79EFBC}") = "YallaJo.Web", "YallaJo.Web\YallaJo.Web.csproj", "{F56D451E-2F2A-4BE6-80CD-0A665191B993}"
EndProject
Project("{2150E333-8FDC-42A3-9474-1A3956D46DE8}") = "UI", "UI", "{DB7FABC0-9AAE-4EF6-920A-2C0B913A860C}"
EndProject
Project("{2150E333-8FDC-42A3-9474-1A3956D46DE8}") = "tests", "tests", "{0AB3BF05-4346-4AA6-1389-037BE0695223}"
EndProject
Project("{FAE04EC0-301F-11D3-BF4B-00C04F79EFBC}") = "YallaJo.Tests.Shared", "tests\YallaJo.Tests.Shared\YallaJo.Tests.Shared.csproj", "{D1613E1E-7E35-4E8E-A2EC-1D308E271517}"
EndProject
Project("{FAE04EC0-301F-11D3-BF4B-00C04F79EFBC}") = "ContentCore.Tests.Unit", "tests\ContentCore.Tests.Unit\ContentCore.Tests.Unit.csproj", "{3FFDB473-D21B-44EA-9424-C52A479239D0}"
EndProject
Project("{FAE04EC0-301F-11D3-BF4B-00C04F79EFBC}") = "YallaJo.SharedKernel.Presentation", "YallaJo.SharedKernel.Presentation\YallaJo.SharedKernel.Presentation.csproj", "{1CDCBC2D-BC6C-4B5E-9397-ADD4E4057EB7}"
EndProject
Global
	GlobalSection(SolutionConfigurationPlatforms) = preSolution
		Debug|Any CPU = Debug|Any CPU
		Debug|x64 = Debug|x64
		Debug|x86 = Debug|x86
		Release|Any CPU = Release|Any CPU
		Release|x64 = Release|x64
		Release|x86 = Release|x86
	EndGlobalSection
	GlobalSection(ProjectConfigurationPlatforms) = postSolution
		{A1B2C3D4-E5F6-7890-ABCD-EF1234567890}.Debug|Any CPU.ActiveCfg = Debug|Any CPU
		{A1B2C3D4-E5F6-7890-ABCD-EF1234567890}.Debug|Any CPU.Build.0 = Debug|Any CPU
		{A1B2C3D4-E5F6-7890-ABCD-EF1234567890}.Debug|x64.ActiveCfg = Debug|Any CPU
		{A1B2C3D4-E5F6-7890-ABCD-EF1234567890}.Debug|x64.Build.0 = Debug|Any CPU
		{A1B2C3D4-E5F6-7890-ABCD-EF1234567890}.Debug|x86.ActiveCfg = Debug|Any CPU
		{A1B2C3D4-E5F6-7890-ABCD-EF1234567890}.Debug|x86.Build.0 = Debug|Any CPU
		{A1B2C3D4-E5F6-7890-ABCD-EF1234567890}.Release|Any CPU.ActiveCfg = Release|Any CPU
		{A1B2C3D4-E5F6-7890-ABCD-EF1234567890}.Release|Any CPU.Build.0 = Release|Any CPU
		{A1B2C3D4-E5F6-7890-ABCD-EF1234567890}.Release|x64.ActiveCfg = Release|Any CPU
		{A1B2C3D4-E5F6-7890-ABCD-EF1234567890}.Release|x64.Build.0 = Release|Any CPU
		{A1B2C3D4-E5F6-7890-ABCD-EF1234567890}.Release|x86.ActiveCfg = Release|Any CPU
		{A1B2C3D4-E5F6-7890-ABCD-EF1234567890}.Release|x86.Build.0 = Release|Any CPU
		{B2C3D4E5-F6A7-8901-BCDE-F12345678901}.Debug|Any CPU.ActiveCfg = Debug|Any CPU
		{B2C3D4E5-F6A7-8901-BCDE-F12345678901}.Debug|Any CPU.Build.0 = Debug|Any CPU
		{B2C3D4E5-F6A7-8901-BCDE-F12345678901}.Debug|x64.ActiveCfg = Debug|Any CPU
		{B2C3D4E5-F6A7-8901-BCDE-F12345678901}.Debug|x64.Build.0 = Debug|Any CPU
		{B2C3D4E5-F6A7-8901-BCDE-F12345678901}.Debug|x86.ActiveCfg = Debug|Any CPU
		{B2C3D4E5-F6A7-8901-BCDE-F12345678901}.Debug|x86.Build.0 = Debug|Any CPU
		{B2C3D4E5-F6A7-8901-BCDE-F12345678901}.Release|Any CPU.ActiveCfg = Release|Any CPU
		{B2C3D4E5-F6A7-8901-BCDE-F12345678901}.Release|Any CPU.Build.0 = Release|Any CPU
		{B2C3D4E5-F6A7-8901-BCDE-F12345678901}.Release|x64.ActiveCfg = Release|Any CPU
		{B2C3D4E5-F6A7-8901-BCDE-F12345678901}.Release|x64.Build.0 = Release|Any CPU
		{B2C3D4E5-F6A7-8901-BCDE-F12345678901}.Release|x86.ActiveCfg = Release|Any CPU
		{B2C3D4E5-F6A7-8901-BCDE-F12345678901}.Release|x86.Build.0 = Release|Any CPU
		{C3D4E5F6-A7B8-9012-CDEF-123456789012}.Debug|Any CPU.ActiveCfg = Debug|Any CPU
		{C3D4E5F6-A7B8-9012-CDEF-123456789012}.Debug|Any CPU.Build.0 = Debug|Any CPU
		{C3D4E5F6-A7B8-9012-CDEF-123456789012}.Debug|x64.ActiveCfg = Debug|Any CPU
		{C3D4E5F6-A7B8-9012-CDEF-123456789012}.Debug|x64.Build.0 = Debug|Any CPU
		{C3D4E5F6-A7B8-9012-CDEF-123456789012}.Debug|x86.ActiveCfg = Debug|Any CPU
		{C3D4E5F6-A7B8-9012-CDEF-123456789012}.Debug|x86.Build.0 = Debug|Any CPU
		{C3D4E5F6-A7B8-9012-CDEF-123456789012}.Release|Any CPU.ActiveCfg = Release|Any CPU
		{C3D4E5F6-A7B8-9012-CDEF-123456789012}.Release|Any CPU.Build.0 = Release|Any CPU
		{C3D4E5F6-A7B8-9012-CDEF-123456789012}.Release|x64.ActiveCfg = Release|Any CPU
		{C3D4E5F6-A7B8-9012-CDEF-123456789012}.Release|x64.Build.0 = Release|Any CPU
		{C3D4E5F6-A7B8-9012-CDEF-123456789012}.Release|x86.ActiveCfg = Release|Any CPU
		{C3D4E5F6-A7B8-9012-CDEF-123456789012}.Release|x86.Build.0 = Release|Any CPU
		{D4E5F6A7-B8C9-0123-DEF0-234567890123}.Debug|Any CPU.ActiveCfg = Debug|Any CPU
		{D4E5F6A7-B8C9-0123-DEF0-234567890123}.Debug|Any CPU.Build.0 = Debug|Any CPU
		{D4E5F6A7-B8C9-0123-DEF0-234567890123}.Debug|x64.ActiveCfg = Debug|Any CPU
		{D4E5F6A7-B8C9-0123-DEF0-234567890123}.Debug|x64.Build.0 = Debug|Any CPU
		{D4E5F6A7-B8C9-0123-DEF0-234567890123}.Debug|x86.ActiveCfg = Debug|Any CPU
		{D4E5F6A7-B8C9-0123-DEF0-234567890123}.Debug|x86.Build.0 = Debug|Any CPU
		{D4E5F6A7-B8C9-0123-DEF0-234567890123}.Release|Any CPU.ActiveCfg = Release|Any CPU
		{D4E5F6A7-B8C9-0123-DEF0-234567890123}.Release|Any CPU.Build.0 = Release|Any CPU
		{D4E5F6A7-B8C9-0123-DEF0-234567890123}.Release|x64.ActiveCfg = Release|Any CPU
		{D4E5F6A7-B8C9-0123-DEF0-234567890123}.Release|x64.Build.0 = Release|Any CPU
		{D4E5F6A7-B8C9-0123-DEF0-234567890123}.Release|x86.ActiveCfg = Release|Any CPU
		{D4E5F6A7-B8C9-0123-DEF0-234567890123}.Release|x86.Build.0 = Release|Any CPU
		{5272742C-C623-4BF2-A65C-5D74C2CB4BC2}.Debug|Any CPU.ActiveCfg = Debug|Any CPU
		{5272742C-C623-4BF2-A65C-5D74C2CB4BC2}.Debug|Any CPU.Build.0 = Debug|Any CPU
		{5272742C-C623-4BF2-A65C-5D74C2CB4BC2}.Debug|x64.ActiveCfg = Debug|Any CPU
		{5272742C-C623-4BF2-A65C-5D74C2CB4BC2}.Debug|x64.Build.0 = Debug|Any CPU
		{5272742C-C623-4BF2-A65C-5D74C2CB4BC2}.Debug|x86.ActiveCfg = Debug|Any CPU
		{5272742C-C623-4BF2-A65C-5D74C2CB4BC2}.Debug|x86.Build.0 = Debug|Any CPU
		{5272742C-C623-4BF2-A65C-5D74C2CB4BC2}.Release|Any CPU.ActiveCfg = Release|Any CPU
		{5272742C-C623-4BF2-A65C-5D74C2CB4BC2}.Release|Any CPU.Build.0 = Release|Any CPU
		{5272742C-C623-4BF2-A65C-5D74C2CB4BC2}.Release|x64.ActiveCfg = Release|Any CPU
		{5272742C-C623-4BF2-A65C-5D74C2CB4BC2}.Release|x64.Build.0 = Release|Any CPU
		{5272742C-C623-4BF2-A65C-5D74C2CB4BC2}.Release|x86.ActiveCfg = Release|Any CPU
		{5272742C-C623-4BF2-A65C-5D74C2CB4BC2}.Release|x86.Build.0 = Release|Any CPU
		{09F1657F-D4BF-4C1B-A4BD-9D9DB1B084E8}.Debug|Any CPU.ActiveCfg = Debug|Any CPU
		{09F1657F-D4BF-4C1B-A4BD-9D9DB1B084E8}.Debug|Any CPU.Build.0 = Debug|Any CPU
		{09F1657F-D4BF-4C1B-A4BD-9D9DB1B084E8}.Debug|x64.ActiveCfg = Debug|Any CPU
		{09F1657F-D4BF-4C1B-A4BD-9D9DB1B084E8}.Debug|x64.Build.0 = Debug|Any CPU
		{09F1657F-D4BF-4C1B-A4BD-9D9DB1B084E8}.Debug|x86.ActiveCfg = Debug|Any CPU
		{09F1657F-D4BF-4C1B-A4BD-9D9DB1B084E8}.Debug|x86.Build.0 = Debug|Any CPU
		{09F1657F-D4BF-4C1B-A4BD-9D9DB1B084E8}.Release|Any CPU.ActiveCfg = Release|Any CPU
		{09F1657F-D4BF-4C1B-A4BD-9D9DB1B084E8}.Release|Any CPU.Build.0 = Release|Any CPU
		{09F1657F-D4BF-4C1B-A4BD-9D9DB1B084E8}.Release|x64.ActiveCfg = Release|Any CPU
		{09F1657F-D4BF-4C1B-A4BD-9D9DB1B084E8}.Release|x64.Build.0 = Release|Any CPU
		{09F1657F-D4BF-4C1B-A4BD-9D9DB1B084E8}.Release|x86.ActiveCfg = Release|Any CPU
		{09F1657F-D4BF-4C1B-A4BD-9D9DB1B084E8}.Release|x86.Build.0 = Release|Any CPU
		{2B2461CD-02DA-4F69-BF96-DD46C7143690}.Debug|Any CPU.ActiveCfg = Debug|Any CPU
		{2B2461CD-02DA-4F69-BF96-DD46C7143690}.Debug|Any CPU.Build.0 = Debug|Any CPU
		{2B2461CD-02DA-4F69-BF96-DD46C7143690}.Debug|x64.ActiveCfg = Debug|Any CPU
		{2B2461CD-02DA-4F69-BF96-DD46C7143690}.Debug|x64.Build.0 = Debug|Any CPU
		{2B2461CD-02DA-4F69-BF96-DD46C7143690}.Debug|x86.ActiveCfg = Debug|Any CPU
		{2B2461CD-02DA-4F69-BF96-DD46C7143690}.Debug|x86.Build.0 = Debug|Any CPU
		{2B2461CD-02DA-4F69-BF96-DD46C7143690}.Release|Any CPU.ActiveCfg = Release|Any CPU
		{2B2461CD-02DA-4F69-BF96-DD46C7143690}.Release|Any CPU.Build.0 = Release|Any CPU
		{2B2461CD-02DA-4F69-BF96-DD46C7143690}.Release|x64.ActiveCfg = Release|Any CPU
		{2B2461CD-02DA-4F69-BF96-DD46C7143690}.Release|x64.Build.0 = Release|Any CPU
		{2B2461CD-02DA-4F69-BF96-DD46C7143690}.Release|x86.ActiveCfg = Release|Any CPU
		{2B2461CD-02DA-4F69-BF96-DD46C7143690}.Release|x86.Build.0 = Release|Any CPU
		{643E188C-9A19-463B-8AA0-44B2C953896B}.Debug|Any CPU.ActiveCfg = Debug|Any CPU
		{643E188C-9A19-463B-8AA0-44B2C953896B}.Debug|Any CPU.Build.0 = Debug|Any CPU
		{643E188C-9A19-463B-8AA0-44B2C953896B}.Debug|x64.ActiveCfg = Debug|Any CPU
		{643E188C-9A19-463B-8AA0-44B2C953896B}.Debug|x64.Build.0 = Debug|Any CPU
		{643E188C-9A19-463B-8AA0-44B2C953896B}.Debug|x86.ActiveCfg = Debug|Any CPU
		{643E188C-9A19-463B-8AA0-44B2C953896B}.Debug|x86.Build.0 = Debug|Any CPU
		{643E188C-9A19-463B-8AA0-44B2C953896B}.Release|Any CPU.ActiveCfg = Release|Any CPU
		{643E188C-9A19-463B-8AA0-44B2C953896B}.Release|Any CPU.Build.0 = Release|Any CPU
		{643E188C-9A19-463B-8AA0-44B2C953896B}.Release|x64.ActiveCfg = Release|Any CPU
		{643E188C-9A19-463B-8AA0-44B2C953896B}.Release|x64.Build.0 = Release|Any CPU
		{643E188C-9A19-463B-8AA0-44B2C953896B}.Release|x86.ActiveCfg = Release|Any CPU
		{643E188C-9A19-463B-8AA0-44B2C953896B}.Release|x86.Build.0 = Release|Any CPU
		{1EA34CA4-3B76-42A7-AEEA-466DBB3399AC}.Debug|Any CPU.ActiveCfg = Debug|Any CPU
		{1EA34CA4-3B76-42A7-AEEA-466DBB3399AC}.Debug|Any CPU.Build.0 = Debug|Any CPU
		{1EA34CA4-3B76-42A7-AEEA-466DBB3399AC}.Debug|x64.ActiveCfg = Debug|Any CPU
		{1EA34CA4-3B76-42A7-AEEA-466DBB3399AC}.Debug|x64.Build.0 = Debug|Any CPU
		{1EA34CA4-3B76-42A7-AEEA-466DBB3399AC}.Debug|x86.ActiveCfg = Debug|Any CPU
		{1EA34CA4-3B76-42A7-AEEA-466DBB3399AC}.Debug|x86.Build.0 = Debug|Any CPU
		{1EA34CA4-3B76-42A7-AEEA-466DBB3399AC}.Release|Any CPU.ActiveCfg = Release|Any CPU
		{1EA34CA4-3B76-42A7-AEEA-466DBB3399AC}.Release|Any CPU.Build.0 = Release|Any CPU
		{1EA34CA4-3B76-42A7-AEEA-466DBB3399AC}.Release|x64.ActiveCfg = Release|Any CPU
		{1EA34CA4-3B76-42A7-AEEA-466DBB3399AC}.Release|x64.Build.0 = Release|Any CPU
		{1EA34CA4-3B76-42A7-AEEA-466DBB3399AC}.Release|x86.ActiveCfg = Release|Any CPU
		{1EA34CA4-3B76-42A7-AEEA-466DBB3399AC}.Release|x86.Build.0 = Release|Any CPU
		{2BBA8965-59CA-4CBA-BFAC-6CBFAB65D489}.Debug|Any CPU.ActiveCfg = Debug|Any CPU
		{2BBA8965-59CA-4CBA-BFAC-6CBFAB65D489}.Debug|Any CPU.Build.0 = Debug|Any CPU
		{2BBA8965-59CA-4CBA-BFAC-6CBFAB65D489}.Debug|x64.ActiveCfg = Debug|Any CPU
		{2BBA8965-59CA-4CBA-BFAC-6CBFAB65D489}.Debug|x64.Build.0 = Debug|Any CPU
		{2BBA8965-59CA-4CBA-BFAC-6CBFAB65D489}.Debug|x86.ActiveCfg = Debug|Any CPU
		{2BBA8965-59CA-4CBA-BFAC-6CBFAB65D489}.Debug|x86.Build.0 = Debug|Any CPU
		{2BBA8965-59CA-4CBA-BFAC-6CBFAB65D489}.Release|Any CPU.ActiveCfg = Release|Any CPU
		{2BBA8965-59CA-4CBA-BFAC-6CBFAB65D489}.Release|Any CPU.Build.0 = Release|Any CPU
		{2BBA8965-59CA-4CBA-BFAC-6CBFAB65D489}.Release|x64.ActiveCfg = Release|Any CPU
		{2BBA8965-59CA-4CBA-BFAC-6CBFAB65D489}.Release|x64.Build.0 = Release|Any CPU
		{2BBA8965-59CA-4CBA-BFAC-6CBFAB65D489}.Release|x86.ActiveCfg = Release|Any CPU
		{2BBA8965-59CA-4CBA-BFAC-6CBFAB65D489}.Release|x86.Build.0 = Release|Any CPU
		{F7A8B9C0-D1E2-3456-F012-456789012345}.Debug|Any CPU.ActiveCfg = Debug|Any CPU
		{F7A8B9C0-D1E2-3456-F012-456789012345}.Debug|Any CPU.Build.0 = Debug|Any CPU
		{F7A8B9C0-D1E2-3456-F012-456789012345}.Debug|x64.ActiveCfg = Debug|Any CPU
		{F7A8B9C0-D1E2-3456-F012-456789012345}.Debug|x64.Build.0 = Debug|Any CPU
		{F7A8B9C0-D1E2-3456-F012-456789012345}.Debug|x86.ActiveCfg = Debug|Any CPU
		{F7A8B9C0-D1E2-3456-F012-456789012345}.Debug|x86.Build.0 = Debug|Any CPU
		{F7A8B9C0-D1E2-3456-F012-456789012345}.Release|Any CPU.ActiveCfg = Release|Any CPU
		{F7A8B9C0-D1E2-3456-F012-456789012345}.Release|Any CPU.Build.0 = Release|Any CPU
		{F7A8B9C0-D1E2-3456-F012-456789012345}.Release|x64.ActiveCfg = Release|Any CPU
		{F7A8B9C0-D1E2-3456-F012-456789012345}.Release|x64.Build.0 = Release|Any CPU
		{F7A8B9C0-D1E2-3456-F012-456789012345}.Release|x86.ActiveCfg = Release|Any CPU
		{F7A8B9C0-D1E2-3456-F012-456789012345}.Release|x86.Build.0 = Release|Any CPU
		{C2434D34-CEBE-4DB5-9B4A-19E5519A8E43}.Debug|Any CPU.ActiveCfg = Debug|Any CPU
		{C2434D34-CEBE-4DB5-9B4A-19E5519A8E43}.Debug|Any CPU.Build.0 = Debug|Any CPU
		{C2434D34-CEBE-4DB5-9B4A-19E5519A8E43}.Debug|x64.ActiveCfg = Debug|Any CPU
		{C2434D34-CEBE-4DB5-9B4A-19E5519A8E43}.Debug|x64.Build.0 = Debug|Any CPU
		{C2434D34-CEBE-4DB5-9B4A-19E5519A8E43}.Debug|x86.ActiveCfg = Debug|Any CPU
		{C2434D34-CEBE-4DB5-9B4A-19E5519A8E43}.Debug|x86.Build.0 = Debug|Any CPU
		{C2434D34-CEBE-4DB5-9B4A-19E5519A8E43}.Release|Any CPU.ActiveCfg = Release|Any CPU
		{C2434D34-CEBE-4DB5-9B4A-19E5519A8E43}.Release|Any CPU.Build.0 = Release|Any CPU
		{C2434D34-CEBE-4DB5-9B4A-19E5519A8E43}.Release|x64.ActiveCfg = Release|Any CPU
		{C2434D34-CEBE-4DB5-9B4A-19E5519A8E43}.Release|x64.Build.0 = Release|Any CPU
		{C2434D34-CEBE-4DB5-9B4A-19E5519A8E43}.Release|x86.ActiveCfg = Release|Any CPU
		{C2434D34-CEBE-4DB5-9B4A-19E5519A8E43}.Release|x86.Build.0 = Release|Any CPU
		{C23624E5-7F97-46DD-AC9D-CF94B1109B4B}.Debug|Any CPU.ActiveCfg = Debug|Any CPU
		{C23624E5-7F97-46DD-AC9D-CF94B1109B4B}.Debug|Any CPU.Build.0 = Debug|Any CPU
		{C23624E5-7F97-46DD-AC9D-CF94B1109B4B}.Debug|x64.ActiveCfg = Debug|Any CPU
		{C23624E5-7F97-46DD-AC9D-CF94B1109B4B}.Debug|x64.Build.0 = Debug|Any CPU
		{C23624E5-7F97-46DD-AC9D-CF94B1109B4B}.Debug|x86.ActiveCfg = Debug|Any CPU
		{C23624E5-7F97-46DD-AC9D-CF94B1109B4B}.Debug|x86.Build.0 = Debug|Any CPU
		{C23624E5-7F97-46DD-AC9D-CF94B1109B4B}.Release|Any CPU.ActiveCfg = Release|Any CPU
		{C23624E5-7F97-46DD-AC9D-CF94B1109B4B}.Release|Any CPU.Build.0 = Release|Any CPU
		{C23624E5-7F97-46DD-AC9D-CF94B1109B4B}.Release|x64.ActiveCfg = Release|Any CPU
		{C23624E5-7F97-46DD-AC9D-CF94B1109B4B}.Release|x64.Build.0 = Release|Any CPU
		{C23624E5-7F97-46DD-AC9D-CF94B1109B4B}.Release|x86.ActiveCfg = Release|Any CPU
		{C23624E5-7F97-46DD-AC9D-CF94B1109B4B}.Release|x86.Build.0 = Release|Any CPU
		{7E30A57F-801D-45D6-B944-34063B978F4F}.Debug|Any CPU.ActiveCfg = Debug|Any CPU
		{7E30A57F-801D-45D6-B944-34063B978F4F}.Debug|Any CPU.Build.0 = Debug|Any CPU
		{7E30A57F-801D-45D6-B944-34063B978F4F}.Debug|x64.ActiveCfg = Debug|Any CPU
		{7E30A57F-801D-45D6-B944-34063B978F4F}.Debug|x64.Build.0 = Debug|Any CPU
		{7E30A57F-801D-45D6-B944-34063B978F4F}.Debug|x86.ActiveCfg = Debug|Any CPU
		{7E30A57F-801D-45D6-B944-34063B978F4F}.Debug|x86.Build.0 = Debug|Any CPU
		{7E30A57F-801D-45D6-B944-34063B978F4F}.Release|Any CPU.ActiveCfg = Release|Any CPU
		{7E30A57F-801D-45D6-B944-34063B978F4F}.Release|Any CPU.Build.0 = Release|Any CPU
		{7E30A57F-801D-45D6-B944-34063B978F4F}.Release|x64.ActiveCfg = Release|Any CPU
		{7E30A57F-801D-45D6-B944-34063B978F4F}.Release|x64.Build.0 = Release|Any CPU
		{7E30A57F-801D-45D6-B944-34063B978F4F}.Release|x86.ActiveCfg = Release|Any CPU
		{7E30A57F-801D-45D6-B944-34063B978F4F}.Release|x86.Build.0 = Release|Any CPU
		{482DF939-DAB3-47F3-B65E-A9EEC67B3BD5}.Debug|Any CPU.ActiveCfg = Debug|Any CPU
		{482DF939-DAB3-47F3-B65E-A9EEC67B3BD5}.Debug|Any CPU.Build.0 = Debug|Any CPU
		{482DF939-DAB3-47F3-B65E-A9EEC67B3BD5}.Debug|x64.ActiveCfg = Debug|Any CPU
		{482DF939-DAB3-47F3-B65E-A9EEC67B3BD5}.Debug|x64.Build.0 = Debug|Any CPU
		{482DF939-DAB3-47F3-B65E-A9EEC67B3BD5}.Debug|x86.ActiveCfg = Debug|Any CPU
		{482DF939-DAB3-47F3-B65E-A9EEC67B3BD5}.Debug|x86.Build.0 = Debug|Any CPU
		{482DF939-DAB3-47F3-B65E-A9EEC67B3BD5}.Release|Any CPU.ActiveCfg = Release|Any CPU
		{482DF939-DAB3-47F3-B65E-A9EEC67B3BD5}.Release|Any CPU.Build.0 = Release|Any CPU
		{482DF939-DAB3-47F3-B65E-A9EEC67B3BD5}.Release|x64.ActiveCfg = Release|Any CPU
		{482DF939-DAB3-47F3-B65E-A9EEC67B3BD5}.Release|x64.Build.0 = Release|Any CPU
		{482DF939-DAB3-47F3-B65E-A9EEC67B3BD5}.Release|x86.ActiveCfg = Release|Any CPU
		{482DF939-DAB3-47F3-B65E-A9EEC67B3BD5}.Release|x86.Build.0 = Release|Any CPU
		{70CF8508-E559-4E06-9CC2-C0D211730BC3}.Debug|Any CPU.ActiveCfg = Debug|Any CPU
		{70CF8508-E559-4E06-9CC2-C0D211730BC3}.Debug|Any CPU.Build.0 = Debug|Any CPU
		{70CF8508-E559-4E06-9CC2-C0D211730BC3}.Debug|x64.ActiveCfg = Debug|Any CPU
		{70CF8508-E559-4E06-9CC2-C0D211730BC3}.Debug|x64.Build.0 = Debug|Any CPU
		{70CF8508-E559-4E06-9CC2-C0D211730BC3}.Debug|x86.ActiveCfg = Debug|Any CPU
		{70CF8508-E559-4E06-9CC2-C0D211730BC3}.Debug|x86.Build.0 = Debug|Any CPU
		{70CF8508-E559-4E06-9CC2-C0D211730BC3}.Release|Any CPU.ActiveCfg = Release|Any CPU
		{70CF8508-E559-4E06-9CC2-C0D211730BC3}.Release|Any CPU.Build.0 = Release|Any CPU
		{70CF8508-E559-4E06-9CC2-C0D211730BC3}.Release|x64.ActiveCfg = Release|Any CPU
		{70CF8508-E559-4E06-9CC2-C0D211730BC3}.Release|x64.Build.0 = Release|Any CPU
		{70CF8508-E559-4E06-9CC2-C0D211730BC3}.Release|x86.ActiveCfg = Release|Any CPU
		{70CF8508-E559-4E06-9CC2-C0D211730BC3}.Release|x86.Build.0 = Release|Any CPU
		{EB9221CB-1EE5-45D2-952C-AC746DF7A634}.Debug|Any CPU.ActiveCfg = Debug|Any CPU
		{EB9221CB-1EE5-45D2-952C-AC746DF7A634}.Debug|Any CPU.Build.0 = Debug|Any CPU
		{EB9221CB-1EE5-45D2-952C-AC746DF7A634}.Debug|x64.ActiveCfg = Debug|Any CPU
		{EB9221CB-1EE5-45D2-952C-AC746DF7A634}.Debug|x64.Build.0 = Debug|Any CPU
		{EB9221CB-1EE5-45D2-952C-AC746DF7A634}.Debug|x86.ActiveCfg = Debug|Any CPU
		{EB9221CB-1EE5-45D2-952C-AC746DF7A634}.Debug|x86.Build.0 = Debug|Any CPU
		{EB9221CB-1EE5-45D2-952C-AC746DF7A634}.Release|Any CPU.ActiveCfg = Release|Any CPU
		{EB9221CB-1EE5-45D2-952C-AC746DF7A634}.Release|Any CPU.Build.0 = Release|Any CPU
		{EB9221CB-1EE5-45D2-952C-AC746DF7A634}.Release|x64.ActiveCfg = Release|Any CPU
		{EB9221CB-1EE5-45D2-952C-AC746DF7A634}.Release|x64.Build.0 = Release|Any CPU
		{EB9221CB-1EE5-45D2-952C-AC746DF7A634}.Release|x86.ActiveCfg = Release|Any CPU
		{EB9221CB-1EE5-45D2-952C-AC746DF7A634}.Release|x86.Build.0 = Release|Any CPU
		{A4D53ECE-15BC-462B-AD21-92B39B6FAF34}.Debug|Any CPU.ActiveCfg = Debug|Any CPU
		{A4D53ECE-15BC-462B-AD21-92B39B6FAF34}.Debug|Any CPU.Build.0 = Debug|Any CPU
		{A4D53ECE-15BC-462B-AD21-92B39B6FAF34}.Debug|x64.ActiveCfg = Debug|Any CPU
		{A4D53ECE-15BC-462B-AD21-92B39B6FAF34}.Debug|x64.Build.0 = Debug|Any CPU
		{A4D53ECE-15BC-462B-AD21-92B39B6FAF34}.Debug|x86.ActiveCfg = Debug|Any CPU
		{A4D53ECE-15BC-462B-AD21-92B39B6FAF34}.Debug|x86.Build.0 = Debug|Any CPU
		{A4D53ECE-15BC-462B-AD21-92B39B6FAF34}.Release|Any CPU.ActiveCfg = Release|Any CPU
		{A4D53ECE-15BC-462B-AD21-92B39B6FAF34}.Release|Any CPU.Build.0 = Release|Any CPU
		{A4D53ECE-15BC-462B-AD21-92B39B6FAF34}.Release|x64.ActiveCfg = Release|Any CPU
		{A4D53ECE-15BC-462B-AD21-92B39B6FAF34}.Release|x64.Build.0 = Release|Any CPU
		{A4D53ECE-15BC-462B-AD21-92B39B6FAF34}.Release|x86.ActiveCfg = Release|Any CPU
		{A4D53ECE-15BC-462B-AD21-92B39B6FAF34}.Release|x86.Build.0 = Release|Any CPU
		{97939DA0-BA14-4A70-B5D0-F37E2C22FD8E}.Debug|Any CPU.ActiveCfg = Debug|Any CPU
		{97939DA0-BA14-4A70-B5D0-F37E2C22FD8E}.Debug|Any CPU.Build.0 = Debug|Any CPU
		{97939DA0-BA14-4A70-B5D0-F37E2C22FD8E}.Debug|x64.ActiveCfg = Debug|Any CPU
		{97939DA0-BA14-4A70-B5D0-F37E2C22FD8E}.Debug|x64.Build.0 = Debug|Any CPU
		{97939DA0-BA14-4A70-B5D0-F37E2C22FD8E}.Debug|x86.ActiveCfg = Debug|Any CPU
		{97939DA0-BA14-4A70-B5D0-F37E2C22FD8E}.Debug|x86.Build.0 = Debug|Any CPU
		{97939DA0-BA14-4A70-B5D0-F37E2C22FD8E}.Release|Any CPU.ActiveCfg = Release|Any CPU
		{97939DA0-BA14-4A70-B5D0-F37E2C22FD8E}.Release|Any CPU.Build.0 = Release|Any CPU
		{97939DA0-BA14-4A70-B5D0-F37E2C22FD8E}.Release|x64.ActiveCfg = Release|Any CPU
		{97939DA0-BA14-4A70-B5D0-F37E2C22FD8E}.Release|x64.Build.0 = Release|Any CPU
		{97939DA0-BA14-4A70-B5D0-F37E2C22FD8E}.Release|x86.ActiveCfg = Release|Any CPU
		{97939DA0-BA14-4A70-B5D0-F37E2C22FD8E}.Release|x86.Build.0 = Release|Any CPU
		{E687C1EC-CC2C-4C1A-98A2-C15675E8CB70}.Debug|Any CPU.ActiveCfg = Debug|Any CPU
		{E687C1EC-CC2C-4C1A-98A2-C15675E8CB70}.Debug|Any CPU.Build.0 = Debug|Any CPU
		{E687C1EC-CC2C-4C1A-98A2-C15675E8CB70}.Debug|x64.ActiveCfg = Debug|Any CPU
		{E687C1EC-CC2C-4C1A-98A2-C15675E8CB70}.Debug|x64.Build.0 = Debug|Any CPU
		{E687C1EC-CC2C-4C1A-98A2-C15675E8CB70}.Debug|x86.ActiveCfg = Debug|Any CPU
		{E687C1EC-CC2C-4C1A-98A2-C15675E8CB70}.Debug|x86.Build.0 = Debug|Any CPU
		{E687C1EC-CC2C-4C1A-98A2-C15675E8CB70}.Release|Any CPU.ActiveCfg = Release|Any CPU
		{E687C1EC-CC2C-4C1A-98A2-C15675E8CB70}.Release|Any CPU.Build.0 = Release|Any CPU
		{E687C1EC-CC2C-4C1A-98A2-C15675E8CB70}.Release|x64.ActiveCfg = Release|Any CPU
		{E687C1EC-CC2C-4C1A-98A2-C15675E8CB70}.Release|x64.Build.0 = Release|Any CPU
		{E687C1EC-CC2C-4C1A-98A2-C15675E8CB70}.Release|x86.ActiveCfg = Release|Any CPU
		{E687C1EC-CC2C-4C1A-98A2-C15675E8CB70}.Release|x86.Build.0 = Release|Any CPU
		{88D76271-4D44-4956-B30E-66F87ED48293}.Debug|Any CPU.ActiveCfg = Debug|Any CPU
		{88D76271-4D44-4956-B30E-66F87ED48293}.Debug|Any CPU.Build.0 = Debug|Any CPU
		{88D76271-4D44-4956-B30E-66F87ED48293}.Debug|x64.ActiveCfg = Debug|Any CPU
		{88D76271-4D44-4956-B30E-66F87ED48293}.Debug|x64.Build.0 = Debug|Any CPU
		{88D76271-4D44-4956-B30E-66F87ED48293}.Debug|x86.ActiveCfg = Debug|Any CPU
		{88D76271-4D44-4956-B30E-66F87ED48293}.Debug|x86.Build.0 = Debug|Any CPU
		{88D76271-4D44-4956-B30E-66F87ED48293}.Release|Any CPU.ActiveCfg = Release|Any CPU
		{88D76271-4D44-4956-B30E-66F87ED48293}.Release|Any CPU.Build.0 = Release|Any CPU
		{88D76271-4D44-4956-B30E-66F87ED48293}.Release|x64.ActiveCfg = Release|Any CPU
		{88D76271-4D44-4956-B30E-66F87ED48293}.Release|x64.Build.0 = Release|Any CPU
		{88D76271-4D44-4956-B30E-66F87ED48293}.Release|x86.ActiveCfg = Release|Any CPU
		{88D76271-4D44-4956-B30E-66F87ED48293}.Release|x86.Build.0 = Release|Any CPU
		{4D2027D3-49C5-4088-94EB-0CF7B97B9529}.Debug|Any CPU.ActiveCfg = Debug|Any CPU
		{4D2027D3-49C5-4088-94EB-0CF7B97B9529}.Debug|Any CPU.Build.0 = Debug|Any CPU
		{4D2027D3-49C5-4088-94EB-0CF7B97B9529}.Debug|x64.ActiveCfg = Debug|Any CPU
		{4D2027D3-49C5-4088-94EB-0CF7B97B9529}.Debug|x64.Build.0 = Debug|Any CPU
		{4D2027D3-49C5-4088-94EB-0CF7B97B9529}.Debug|x86.ActiveCfg = Debug|Any CPU
		{4D2027D3-49C5-4088-94EB-0CF7B97B9529}.Debug|x86.Build.0 = Debug|Any CPU
		{4D2027D3-49C5-4088-94EB-0CF7B97B9529}.Release|Any CPU.ActiveCfg = Release|Any CPU
		{4D2027D3-49C5-4088-94EB-0CF7B97B9529}.Release|Any CPU.Build.0 = Release|Any CPU
		{4D2027D3-49C5-4088-94EB-0CF7B97B9529}.Release|x64.ActiveCfg = Release|Any CPU
		{4D2027D3-49C5-4088-94EB-0CF7B97B9529}.Release|x64.Build.0 = Release|Any CPU
		{4D2027D3-49C5-4088-94EB-0CF7B97B9529}.Release|x86.ActiveCfg = Release|Any CPU
		{4D2027D3-49C5-4088-94EB-0CF7B97B9529}.Release|x86.Build.0 = Release|Any CPU
		{1B632441-4EA5-4E6A-99C6-F4B014C00DCE}.Debug|Any CPU.ActiveCfg = Debug|Any CPU
		{1B632441-4EA5-4E6A-99C6-F4B014C00DCE}.Debug|Any CPU.Build.0 = Debug|Any CPU
		{1B632441-4EA5-4E6A-99C6-F4B014C00DCE}.Debug|x64.ActiveCfg = Debug|Any CPU
		{1B632441-4EA5-4E6A-99C6-F4B014C00DCE}.Debug|x64.Build.0 = Debug|Any CPU
		{1B632441-4EA5-4E6A-99C6-F4B014C00DCE}.Debug|x86.ActiveCfg = Debug|Any CPU
		{1B632441-4EA5-4E6A-99C6-F4B014C00DCE}.Debug|x86.Build.0 = Debug|Any CPU
		{1B632441-4EA5-4E6A-99C6-F4B014C00DCE}.Release|Any CPU.ActiveCfg = Release|Any CPU
		{1B632441-4EA5-4E6A-99C6-F4B014C00DCE}.Release|Any CPU.Build.0 = Release|Any CPU
		{1B632441-4EA5-4E6A-99C6-F4B014C00DCE}.Release|x64.ActiveCfg = Release|Any CPU
		{1B632441-4EA5-4E6A-99C6-F4B014C00DCE}.Release|x64.Build.0 = Release|Any CPU
		{1B632441-4EA5-4E6A-99C6-F4B014C00DCE}.Release|x86.ActiveCfg = Release|Any CPU
		{1B632441-4EA5-4E6A-99C6-F4B014C00DCE}.Release|x86.Build.0 = Release|Any CPU
		{D130E592-481C-4557-989A-BA69256D351C}.Debug|Any CPU.ActiveCfg = Debug|Any CPU
		{D130E592-481C-4557-989A-BA69256D351C}.Debug|Any CPU.Build.0 = Debug|Any CPU
		{D130E592-481C-4557-989A-BA69256D351C}.Debug|x64.ActiveCfg = Debug|Any CPU
		{D130E592-481C-4557-989A-BA69256D351C}.Debug|x64.Build.0 = Debug|Any CPU
		{D130E592-481C-4557-989A-BA69256D351C}.Debug|x86.ActiveCfg = Debug|Any CPU
		{D130E592-481C-4557-989A-BA69256D351C}.Debug|x86.Build.0 = Debug|Any CPU
		{D130E592-481C-4557-989A-BA69256D351C}.Release|Any CPU.ActiveCfg = Release|Any CPU
		{D130E592-481C-4557-989A-BA69256D351C}.Release|Any CPU.Build.0 = Release|Any CPU
		{D130E592-481C-4557-989A-BA69256D351C}.Release|x64.ActiveCfg = Release|Any CPU
		{D130E592-481C-4557-989A-BA69256D351C}.Release|x64.Build.0 = Release|Any CPU
		{D130E592-481C-4557-989A-BA69256D351C}.Release|x86.ActiveCfg = Release|Any CPU
		{D130E592-481C-4557-989A-BA69256D351C}.Release|x86.Build.0 = Release|Any CPU
		{A82F9EBE-DD82-4F1A-98D5-A27CB6B3E11F}.Debug|Any CPU.ActiveCfg = Debug|Any CPU
		{A82F9EBE-DD82-4F1A-98D5-A27CB6B3E11F}.Debug|Any CPU.Build.0 = Debug|Any CPU
		{A82F9EBE-DD82-4F1A-98D5-A27CB6B3E11F}.Debug|x64.ActiveCfg = Debug|Any CPU
		{A82F9EBE-DD82-4F1A-98D5-A27CB6B3E11F}.Debug|x64.Build.0 = Debug|Any CPU
		{A82F9EBE-DD82-4F1A-98D5-A27CB6B3E11F}.Debug|x86.ActiveCfg = Debug|Any CPU
		{A82F9EBE-DD82-4F1A-98D5-A27CB6B3E11F}.Debug|x86.Build.0 = Debug|Any CPU
		{A82F9EBE-DD82-4F1A-98D5-A27CB6B3E11F}.Release|Any CPU.ActiveCfg = Release|Any CPU
		{A82F9EBE-DD82-4F1A-98D5-A27CB6B3E11F}.Release|Any CPU.Build.0 = Release|Any CPU
		{A82F9EBE-DD82-4F1A-98D5-A27CB6B3E11F}.Release|x64.ActiveCfg = Release|Any CPU
		{A82F9EBE-DD82-4F1A-98D5-A27CB6B3E11F}.Release|x64.Build.0 = Release|Any CPU
		{A82F9EBE-DD82-4F1A-98D5-A27CB6B3E11F}.Release|x86.ActiveCfg = Release|Any CPU
		{A82F9EBE-DD82-4F1A-98D5-A27CB6B3E11F}.Release|x86.Build.0 = Release|Any CPU
		{4FBAB09F-5D2F-4CCC-9E43-A42EDDE1211E}.Debug|Any CPU.ActiveCfg = Debug|Any CPU
		{4FBAB09F-5D2F-4CCC-9E43-A42EDDE1211E}.Debug|Any CPU.Build.0 = Debug|Any CPU
		{4FBAB09F-5D2F-4CCC-9E43-A42EDDE1211E}.Debug|x64.ActiveCfg = Debug|Any CPU
		{4FBAB09F-5D2F-4CCC-9E43-A42EDDE1211E}.Debug|x64.Build.0 = Debug|Any CPU
		{4FBAB09F-5D2F-4CCC-9E43-A42EDDE1211E}.Debug|x86.ActiveCfg = Debug|Any CPU
		{4FBAB09F-5D2F-4CCC-9E43-A42EDDE1211E}.Debug|x86.Build.0 = Debug|Any CPU
		{4FBAB09F-5D2F-4CCC-9E43-A42EDDE1211E}.Release|Any CPU.ActiveCfg = Release|Any CPU
		{4FBAB09F-5D2F-4CCC-9E43-A42EDDE1211E}.Release|Any CPU.Build.0 = Release|Any CPU
		{4FBAB09F-5D2F-4CCC-9E43-A42EDDE1211E}.Release|x64.ActiveCfg = Release|Any CPU
		{4FBAB09F-5D2F-4CCC-9E43-A42EDDE1211E}.Release|x64.Build.0 = Release|Any CPU
		{4FBAB09F-5D2F-4CCC-9E43-A42EDDE1211E}.Release|x86.ActiveCfg = Release|Any CPU
		{4FBAB09F-5D2F-4CCC-9E43-A42EDDE1211E}.Release|x86.Build.0 = Release|Any CPU
		{BEEFCEDE-D79F-459A-A780-1F331E85074E}.Debug|Any CPU.ActiveCfg = Debug|Any CPU
		{BEEFCEDE-D79F-459A-A780-1F331E85074E}.Debug|Any CPU.Build.0 = Debug|Any CPU
		{BEEFCEDE-D79F-459A-A780-1F331E85074E}.Debug|x64.ActiveCfg = Debug|Any CPU
		{BEEFCEDE-D79F-459A-A780-1F331E85074E}.Debug|x64.Build.0 = Debug|Any CPU
		{BEEFCEDE-D79F-459A-A780-1F331E85074E}.Debug|x86.ActiveCfg = Debug|Any CPU
		{BEEFCEDE-D79F-459A-A780-1F331E85074E}.Debug|x86.Build.0 = Debug|Any CPU
		{BEEFCEDE-D79F-459A-A780-1F331E85074E}.Release|Any CPU.ActiveCfg = Release|Any CPU
		{BEEFCEDE-D79F-459A-A780-1F331E85074E}.Release|Any CPU.Build.0 = Release|Any CPU
		{BEEFCEDE-D79F-459A-A780-1F331E85074E}.Release|x64.ActiveCfg = Release|Any CPU
		{BEEFCEDE-D79F-459A-A780-1F331E85074E}.Release|x64.Build.0 = Release|Any CPU
		{BEEFCEDE-D79F-459A-A780-1F331E85074E}.Release|x86.ActiveCfg = Release|Any CPU
		{BEEFCEDE-D79F-459A-A780-1F331E85074E}.Release|x86.Build.0 = Release|Any CPU
		{1B64E1E8-0CFA-44BE-890E-C449CE348122}.Debug|Any CPU.ActiveCfg = Debug|Any CPU
		{1B64E1E8-0CFA-44BE-890E-C449CE348122}.Debug|Any CPU.Build.0 = Debug|Any CPU
		{1B64E1E8-0CFA-44BE-890E-C449CE348122}.Debug|x64.ActiveCfg = Debug|Any CPU
		{1B64E1E8-0CFA-44BE-890E-C449CE348122}.Debug|x64.Build.0 = Debug|Any CPU
		{1B64E1E8-0CFA-44BE-890E-C449CE348122}.Debug|x86.ActiveCfg = Debug|Any CPU
		{1B64E1E8-0CFA-44BE-890E-C449CE348122}.Debug|x86.Build.0 = Debug|Any CPU
		{1B64E1E8-0CFA-44BE-890E-C449CE348122}.Release|Any CPU.ActiveCfg = Release|Any CPU
		{1B64E1E8-0CFA-44BE-890E-C449CE348122}.Release|Any CPU.Build.0 = Release|Any CPU
		{1B64E1E8-0CFA-44BE-890E-C449CE348122}.Release|x64.ActiveCfg = Release|Any CPU
		{1B64E1E8-0CFA-44BE-890E-C449CE348122}.Release|x64.Build.0 = Release|Any CPU
		{1B64E1E8-0CFA-44BE-890E-C449CE348122}.Release|x86.ActiveCfg = Release|Any CPU
		{1B64E1E8-0CFA-44BE-890E-C449CE348122}.Release|x86.Build.0 = Release|Any CPU
		{37765A73-8902-4806-A95E-DD6295D8E69B}.Debug|Any CPU.ActiveCfg = Debug|Any CPU
		{37765A73-8902-4806-A95E-DD6295D8E69B}.Debug|Any CPU.Build.0 = Debug|Any CPU
		{37765A73-8902-4806-A95E-DD6295D8E69B}.Debug|x64.ActiveCfg = Debug|Any CPU
		{37765A73-8902-4806-A95E-DD6295D8E69B}.Debug|x64.Build.0 = Debug|Any CPU
		{37765A73-8902-4806-A95E-DD6295D8E69B}.Debug|x86.ActiveCfg = Debug|Any CPU
		{37765A73-8902-4806-A95E-DD6295D8E69B}.Debug|x86.Build.0 = Debug|Any CPU
		{37765A73-8902-4806-A95E-DD6295D8E69B}.Release|Any CPU.ActiveCfg = Release|Any CPU
		{37765A73-8902-4806-A95E-DD6295D8E69B}.Release|Any CPU.Build.0 = Release|Any CPU
		{37765A73-8902-4806-A95E-DD6295D8E69B}.Release|x64.ActiveCfg = Release|Any CPU
		{37765A73-8902-4806-A95E-DD6295D8E69B}.Release|x64.Build.0 = Release|Any CPU
		{37765A73-8902-4806-A95E-DD6295D8E69B}.Release|x86.ActiveCfg = Release|Any CPU
		{37765A73-8902-4806-A95E-DD6295D8E69B}.Release|x86.Build.0 = Release|Any CPU
		{734E944F-C231-4241-80E4-05F5BA9B63F1}.Debug|Any CPU.ActiveCfg = Debug|Any CPU
		{734E944F-C231-4241-80E4-05F5BA9B63F1}.Debug|Any CPU.Build.0 = Debug|Any CPU
		{734E944F-C231-4241-80E4-05F5BA9B63F1}.Debug|x64.ActiveCfg = Debug|Any CPU
		{734E944F-C231-4241-80E4-05F5BA9B63F1}.Debug|x64.Build.0 = Debug|Any CPU
		{734E944F-C231-4241-80E4-05F5BA9B63F1}.Debug|x86.ActiveCfg = Debug|Any CPU
		{734E944F-C231-4241-80E4-05F5BA9B63F1}.Debug|x86.Build.0 = Debug|Any CPU
		{734E944F-C231-4241-80E4-05F5BA9B63F1}.Release|Any CPU.ActiveCfg = Release|Any CPU
		{734E944F-C231-4241-80E4-05F5BA9B63F1}.Release|Any CPU.Build.0 = Release|Any CPU
		{734E944F-C231-4241-80E4-05F5BA9B63F1}.Release|x64.ActiveCfg = Release|Any CPU
		{734E944F-C231-4241-80E4-05F5BA9B63F1}.Release|x64.Build.0 = Release|Any CPU
		{734E944F-C231-4241-80E4-05F5BA9B63F1}.Release|x86.ActiveCfg = Release|Any CPU
		{734E944F-C231-4241-80E4-05F5BA9B63F1}.Release|x86.Build.0 = Release|Any CPU
		{B7A0E05E-E716-48BB-AF89-B0CA9CB654EA}.Debug|Any CPU.ActiveCfg = Debug|Any CPU
		{B7A0E05E-E716-48BB-AF89-B0CA9CB654EA}.Debug|Any CPU.Build.0 = Debug|Any CPU
		{B7A0E05E-E716-48BB-AF89-B0CA9CB654EA}.Debug|x64.ActiveCfg = Debug|Any CPU
		{B7A0E05E-E716-48BB-AF89-B0CA9CB654EA}.Debug|x64.Build.0 = Debug|Any CPU
		{B7A0E05E-E716-48BB-AF89-B0CA9CB654EA}.Debug|x86.ActiveCfg = Debug|Any CPU
		{B7A0E05E-E716-48BB-AF89-B0CA9CB654EA}.Debug|x86.Build.0 = Debug|Any CPU
		{B7A0E05E-E716-48BB-AF89-B0CA9CB654EA}.Release|Any CPU.ActiveCfg = Release|Any CPU
		{B7A0E05E-E716-48BB-AF89-B0CA9CB654EA}.Release|Any CPU.Build.0 = Release|Any CPU
		{B7A0E05E-E716-48BB-AF89-B0CA9CB654EA}.Release|x64.ActiveCfg = Release|Any CPU
		{B7A0E05E-E716-48BB-AF89-B0CA9CB654EA}.Release|x64.Build.0 = Release|Any CPU
		{B7A0E05E-E716-48BB-AF89-B0CA9CB654EA}.Release|x86.ActiveCfg = Release|Any CPU
		{B7A0E05E-E716-48BB-AF89-B0CA9CB654EA}.Release|x86.Build.0 = Release|Any CPU
		{6329237C-A523-4C2E-B818-DAFB8ED70E6F}.Debug|Any CPU.ActiveCfg = Debug|Any CPU
		{6329237C-A523-4C2E-B818-DAFB8ED70E6F}.Debug|Any CPU.Build.0 = Debug|Any CPU
		{6329237C-A523-4C2E-B818-DAFB8ED70E6F}.Debug|x64.ActiveCfg = Debug|Any CPU
		{6329237C-A523-4C2E-B818-DAFB8ED70E6F}.Debug|x64.Build.0 = Debug|Any CPU
		{6329237C-A523-4C2E-B818-DAFB8ED70E6F}.Debug|x86.ActiveCfg = Debug|Any CPU
		{6329237C-A523-4C2E-B818-DAFB8ED70E6F}.Debug|x86.Build.0 = Debug|Any CPU
		{6329237C-A523-4C2E-B818-DAFB8ED70E6F}.Release|Any CPU.ActiveCfg = Release|Any CPU
		{6329237C-A523-4C2E-B818-DAFB8ED70E6F}.Release|Any CPU.Build.0 = Release|Any CPU
		{6329237C-A523-4C2E-B818-DAFB8ED70E6F}.Release|x64.ActiveCfg = Release|Any CPU
		{6329237C-A523-4C2E-B818-DAFB8ED70E6F}.Release|x64.Build.0 = Release|Any CPU
		{6329237C-A523-4C2E-B818-DAFB8ED70E6F}.Release|x86.ActiveCfg = Release|Any CPU
		{6329237C-A523-4C2E-B818-DAFB8ED70E6F}.Release|x86.Build.0 = Release|Any CPU
		{C11C6D45-00B3-468E-9D74-E62F44C4639D}.Debug|Any CPU.ActiveCfg = Debug|Any CPU
		{C11C6D45-00B3-468E-9D74-E62F44C4639D}.Debug|Any CPU.Build.0 = Debug|Any CPU
		{C11C6D45-00B3-468E-9D74-E62F44C4639D}.Debug|x64.ActiveCfg = Debug|Any CPU
		{C11C6D45-00B3-468E-9D74-E62F44C4639D}.Debug|x64.Build.0 = Debug|Any CPU
		{C11C6D45-00B3-468E-9D74-E62F44C4639D}.Debug|x86.ActiveCfg = Debug|Any CPU
		{C11C6D45-00B3-468E-9D74-E62F44C4639D}.Debug|x86.Build.0 = Debug|Any CPU
		{C11C6D45-00B3-468E-9D74-E62F44C4639D}.Release|Any CPU.ActiveCfg = Release|Any CPU
		{C11C6D45-00B3-468E-9D74-E62F44C4639D}.Release|Any CPU.Build.0 = Release|Any CPU
		{C11C6D45-00B3-468E-9D74-E62F44C4639D}.Release|x64.ActiveCfg = Release|Any CPU
		{C11C6D45-00B3-468E-9D74-E62F44C4639D}.Release|x64.Build.0 = Release|Any CPU
		{C11C6D45-00B3-468E-9D74-E62F44C4639D}.Release|x86.ActiveCfg = Release|Any CPU
		{C11C6D45-00B3-468E-9D74-E62F44C4639D}.Release|x86.Build.0 = Release|Any CPU
		{361F9AD3-E8FF-42FC-8924-C2C29C2858DB}.Debug|Any CPU.ActiveCfg = Debug|Any CPU
		{361F9AD3-E8FF-42FC-8924-C2C29C2858DB}.Debug|Any CPU.Build.0 = Debug|Any CPU
		{361F9AD3-E8FF-42FC-8924-C2C29C2858DB}.Debug|x64.ActiveCfg = Debug|Any CPU
		{361F9AD3-E8FF-42FC-8924-C2C29C2858DB}.Debug|x64.Build.0 = Debug|Any CPU
		{361F9AD3-E8FF-42FC-8924-C2C29C2858DB}.Debug|x86.ActiveCfg = Debug|Any CPU
		{361F9AD3-E8FF-42FC-8924-C2C29C2858DB}.Debug|x86.Build.0 = Debug|Any CPU
		{361F9AD3-E8FF-42FC-8924-C2C29C2858DB}.Release|Any CPU.ActiveCfg = Release|Any CPU
		{361F9AD3-E8FF-42FC-8924-C2C29C2858DB}.Release|Any CPU.Build.0 = Release|Any CPU
		{361F9AD3-E8FF-42FC-8924-C2C29C2858DB}.Release|x64.ActiveCfg = Release|Any CPU
		{361F9AD3-E8FF-42FC-8924-C2C29C2858DB}.Release|x64.Build.0 = Release|Any CPU
		{361F9AD3-E8FF-42FC-8924-C2C29C2858DB}.Release|x86.ActiveCfg = Release|Any CPU
		{361F9AD3-E8FF-42FC-8924-C2C29C2858DB}.Release|x86.Build.0 = Release|Any CPU
		{9FA05AB5-1A72-40DF-9785-2715E7EB7A98}.Debug|Any CPU.ActiveCfg = Debug|Any CPU
		{9FA05AB5-1A72-40DF-9785-2715E7EB7A98}.Debug|Any CPU.Build.0 = Debug|Any CPU
		{9FA05AB5-1A72-40DF-9785-2715E7EB7A98}.Debug|x64.ActiveCfg = Debug|Any CPU
		{9FA05AB5-1A72-40DF-9785-2715E7EB7A98}.Debug|x64.Build.0 = Debug|Any CPU
		{9FA05AB5-1A72-40DF-9785-2715E7EB7A98}.Debug|x86.ActiveCfg = Debug|Any CPU
		{9FA05AB5-1A72-40DF-9785-2715E7EB7A98}.Debug|x86.Build.0 = Debug|Any CPU
		{9FA05AB5-1A72-40DF-9785-2715E7EB7A98}.Release|Any CPU.ActiveCfg = Release|Any CPU
		{9FA05AB5-1A72-40DF-9785-2715E7EB7A98}.Release|Any CPU.Build.0 = Release|Any CPU
		{9FA05AB5-1A72-40DF-9785-2715E7EB7A98}.Release|x64.ActiveCfg = Release|Any CPU
		{9FA05AB5-1A72-40DF-9785-2715E7EB7A98}.Release|x64.Build.0 = Release|Any CPU
		{9FA05AB5-1A72-40DF-9785-2715E7EB7A98}.Release|x86.ActiveCfg = Release|Any CPU
		{9FA05AB5-1A72-40DF-9785-2715E7EB7A98}.Release|x86.Build.0 = Release|Any CPU
		{47582979-34E8-4576-969F-1EF1C9CBA685}.Debug|Any CPU.ActiveCfg = Debug|Any CPU
		{47582979-34E8-4576-969F-1EF1C9CBA685}.Debug|Any CPU.Build.0 = Debug|Any CPU
		{47582979-34E8-4576-969F-1EF1C9CBA685}.Debug|x64.ActiveCfg = Debug|Any CPU
		{47582979-34E8-4576-969F-1EF1C9CBA685}.Debug|x64.Build.0 = Debug|Any CPU
		{47582979-34E8-4576-969F-1EF1C9CBA685}.Debug|x86.ActiveCfg = Debug|Any CPU
		{47582979-34E8-4576-969F-1EF1C9CBA685}.Debug|x86.Build.0 = Debug|Any CPU
		{47582979-34E8-4576-969F-1EF1C9CBA685}.Release|Any CPU.ActiveCfg = Release|Any CPU
		{47582979-34E8-4576-969F-1EF1C9CBA685}.Release|Any CPU.Build.0 = Release|Any CPU
		{47582979-34E8-4576-969F-1EF1C9CBA685}.Release|x64.ActiveCfg = Release|Any CPU
		{47582979-34E8-4576-969F-1EF1C9CBA685}.Release|x64.Build.0 = Release|Any CPU
		{47582979-34E8-4576-969F-1EF1C9CBA685}.Release|x86.ActiveCfg = Release|Any CPU
		{47582979-34E8-4576-969F-1EF1C9CBA685}.Release|x86.Build.0 = Release|Any CPU
		{141C8B39-3381-4286-9892-67987A5ED95A}.Debug|Any CPU.ActiveCfg = Debug|Any CPU
		{141C8B39-3381-4286-9892-67987A5ED95A}.Debug|Any CPU.Build.0 = Debug|Any CPU
		{141C8B39-3381-4286-9892-67987A5ED95A}.Debug|x64.ActiveCfg = Debug|Any CPU
		{141C8B39-3381-4286-9892-67987A5ED95A}.Debug|x64.Build.0 = Debug|Any CPU
		{141C8B39-3381-4286-9892-67987A5ED95A}.Debug|x86.ActiveCfg = Debug|Any CPU
		{141C8B39-3381-4286-9892-67987A5ED95A}.Debug|x86.Build.0 = Debug|Any CPU
		{141C8B39-3381-4286-9892-67987A5ED95A}.Release|Any CPU.ActiveCfg = Release|Any CPU
		{141C8B39-3381-4286-9892-67987A5ED95A}.Release|Any CPU.Build.0 = Release|Any CPU
		{141C8B39-3381-4286-9892-67987A5ED95A}.Release|x64.ActiveCfg = Release|Any CPU
		{141C8B39-3381-4286-9892-67987A5ED95A}.Release|x64.Build.0 = Release|Any CPU
		{141C8B39-3381-4286-9892-67987A5ED95A}.Release|x86.ActiveCfg = Release|Any CPU
		{141C8B39-3381-4286-9892-67987A5ED95A}.Release|x86.Build.0 = Release|Any CPU
		{267EBC03-1422-4DDF-B6C6-B7054A597FFB}.Debug|Any CPU.ActiveCfg = Debug|Any CPU
		{267EBC03-1422-4DDF-B6C6-B7054A597FFB}.Debug|Any CPU.Build.0 = Debug|Any CPU
		{267EBC03-1422-4DDF-B6C6-B7054A597FFB}.Debug|x64.ActiveCfg = Debug|Any CPU
		{267EBC03-1422-4DDF-B6C6-B7054A597FFB}.Debug|x64.Build.0 = Debug|Any CPU
		{267EBC03-1422-4DDF-B6C6-B7054A597FFB}.Debug|x86.ActiveCfg = Debug|Any CPU
		{267EBC03-1422-4DDF-B6C6-B7054A597FFB}.Debug|x86.Build.0 = Debug|Any CPU
		{267EBC03-1422-4DDF-B6C6-B7054A597FFB}.Release|Any CPU.ActiveCfg = Release|Any CPU
		{267EBC03-1422-4DDF-B6C6-B7054A597FFB}.Release|Any CPU.Build.0 = Release|Any CPU
		{267EBC03-1422-4DDF-B6C6-B7054A597FFB}.Release|x64.ActiveCfg = Release|Any CPU
		{267EBC03-1422-4DDF-B6C6-B7054A597FFB}.Release|x64.Build.0 = Release|Any CPU
		{267EBC03-1422-4DDF-B6C6-B7054A597FFB}.Release|x86.ActiveCfg = Release|Any CPU
		{267EBC03-1422-4DDF-B6C6-B7054A597FFB}.Release|x86.Build.0 = Release|Any CPU
		{35C8FEA5-F061-45B9-A522-93F331929CC1}.Debug|Any CPU.ActiveCfg = Debug|Any CPU
		{35C8FEA5-F061-45B9-A522-93F331929CC1}.Debug|Any CPU.Build.0 = Debug|Any CPU
		{35C8FEA5-F061-45B9-A522-93F331929CC1}.Debug|x64.ActiveCfg = Debug|Any CPU
		{35C8FEA5-F061-45B9-A522-93F331929CC1}.Debug|x64.Build.0 = Debug|Any CPU
		{35C8FEA5-F061-45B9-A522-93F331929CC1}.Debug|x86.ActiveCfg = Debug|Any CPU
		{35C8FEA5-F061-45B9-A522-93F331929CC1}.Debug|x86.Build.0 = Debug|Any CPU
		{35C8FEA5-F061-45B9-A522-93F331929CC1}.Release|Any CPU.ActiveCfg = Release|Any CPU
		{35C8FEA5-F061-45B9-A522-93F331929CC1}.Release|Any CPU.Build.0 = Release|Any CPU
		{35C8FEA5-F061-45B9-A522-93F331929CC1}.Release|x64.ActiveCfg = Release|Any CPU
		{35C8FEA5-F061-45B9-A522-93F331929CC1}.Release|x64.Build.0 = Release|Any CPU
		{35C8FEA5-F061-45B9-A522-93F331929CC1}.Release|x86.ActiveCfg = Release|Any CPU
		{35C8FEA5-F061-45B9-A522-93F331929CC1}.Release|x86.Build.0 = Release|Any CPU
		{D156F79A-DF0E-4065-9871-760CE4FDB476}.Debug|Any CPU.ActiveCfg = Debug|Any CPU
		{D156F79A-DF0E-4065-9871-760CE4FDB476}.Debug|Any CPU.Build.0 = Debug|Any CPU
		{D156F79A-DF0E-4065-9871-760CE4FDB476}.Debug|x64.ActiveCfg = Debug|Any CPU
		{D156F79A-DF0E-4065-9871-760CE4FDB476}.Debug|x64.Build.0 = Debug|Any CPU
		{D156F79A-DF0E-4065-9871-760CE4FDB476}.Debug|x86.ActiveCfg = Debug|Any CPU
		{D156F79A-DF0E-4065-9871-760CE4FDB476}.Debug|x86.Build.0 = Debug|Any CPU
		{D156F79A-DF0E-4065-9871-760CE4FDB476}.Release|Any CPU.ActiveCfg = Release|Any CPU
		{D156F79A-DF0E-4065-9871-760CE4FDB476}.Release|Any CPU.Build.0 = Release|Any CPU
		{D156F79A-DF0E-4065-9871-760CE4FDB476}.Release|x64.ActiveCfg = Release|Any CPU
		{D156F79A-DF0E-4065-9871-760CE4FDB476}.Release|x64.Build.0 = Release|Any CPU
		{D156F79A-DF0E-4065-9871-760CE4FDB476}.Release|x86.ActiveCfg = Release|Any CPU
		{D156F79A-DF0E-4065-9871-760CE4FDB476}.Release|x86.Build.0 = Release|Any CPU
		{B42598EB-3E49-40A0-9E64-32DF80C8BFDC}.Debug|Any CPU.ActiveCfg = Debug|Any CPU
		{B42598EB-3E49-40A0-9E64-32DF80C8BFDC}.Debug|Any CPU.Build.0 = Debug|Any CPU
		{B42598EB-3E49-40A0-9E64-32DF80C8BFDC}.Debug|x64.ActiveCfg = Debug|Any CPU
		{B42598EB-3E49-40A0-9E64-32DF80C8BFDC}.Debug|x64.Build.0 = Debug|Any CPU
		{B42598EB-3E49-40A0-9E64-32DF80C8BFDC}.Debug|x86.ActiveCfg = Debug|Any CPU
		{B42598EB-3E49-40A0-9E64-32DF80C8BFDC}.Debug|x86.Build.0 = Debug|Any CPU
		{B42598EB-3E49-40A0-9E64-32DF80C8BFDC}.Release|Any CPU.ActiveCfg = Release|Any CPU
		{B42598EB-3E49-40A0-9E64-32DF80C8BFDC}.Release|Any CPU.Build.0 = Release|Any CPU
		{B42598EB-3E49-40A0-9E64-32DF80C8BFDC}.Release|x64.ActiveCfg = Release|Any CPU
		{B42598EB-3E49-40A0-9E64-32DF80C8BFDC}.Release|x64.Build.0 = Release|Any CPU
		{B42598EB-3E49-40A0-9E64-32DF80C8BFDC}.Release|x86.ActiveCfg = Release|Any CPU
		{B42598EB-3E49-40A0-9E64-32DF80C8BFDC}.Release|x86.Build.0 = Release|Any CPU
		{FCD40292-77C5-4927-BC0E-F26A6E378D15}.Debug|Any CPU.ActiveCfg = Debug|Any CPU
		{FCD40292-77C5-4927-BC0E-F26A6E378D15}.Debug|Any CPU.Build.0 = Debug|Any CPU
		{FCD40292-77C5-4927-BC0E-F26A6E378D15}.Debug|x64.ActiveCfg = Debug|Any CPU
		{FCD40292-77C5-4927-BC0E-F26A6E378D15}.Debug|x64.Build.0 = Debug|Any CPU
		{FCD40292-77C5-4927-BC0E-F26A6E378D15}.Debug|x86.ActiveCfg = Debug|Any CPU
		{FCD40292-77C5-4927-BC0E-F26A6E378D15}.Debug|x86.Build.0 = Debug|Any CPU
		{FCD40292-77C5-4927-BC0E-F26A6E378D15}.Release|Any CPU.ActiveCfg = Release|Any CPU
		{FCD40292-77C5-4927-BC0E-F26A6E378D15}.Release|Any CPU.Build.0 = Release|Any CPU
		{FCD40292-77C5-4927-BC0E-F26A6E378D15}.Release|x64.ActiveCfg = Release|Any CPU
		{FCD40292-77C5-4927-BC0E-F26A6E378D15}.Release|x64.Build.0 = Release|Any CPU
		{FCD40292-77C5-4927-BC0E-F26A6E378D15}.Release|x86.ActiveCfg = Release|Any CPU
		{FCD40292-77C5-4927-BC0E-F26A6E378D15}.Release|x86.Build.0 = Release|Any CPU
		{E5AA54F2-D378-4086-AE59-528FCF1CA850}.Debug|Any CPU.ActiveCfg = Debug|Any CPU
		{E5AA54F2-D378-4086-AE59-528FCF1CA850}.Debug|Any CPU.Build.0 = Debug|Any CPU
		{E5AA54F2-D378-4086-AE59-528FCF1CA850}.Debug|x64.ActiveCfg = Debug|Any CPU
		{E5AA54F2-D378-4086-AE59-528FCF1CA850}.Debug|x64.Build.0 = Debug|Any CPU
		{E5AA54F2-D378-4086-AE59-528FCF1CA850}.Debug|x86.ActiveCfg = Debug|Any CPU
		{E5AA54F2-D378-4086-AE59-528FCF1CA850}.Debug|x86.Build.0 = Debug|Any CPU
		{E5AA54F2-D378-4086-AE59-528FCF1CA850}.Release|Any CPU.ActiveCfg = Release|Any CPU
		{E5AA54F2-D378-4086-AE59-528FCF1CA850}.Release|Any CPU.Build.0 = Release|Any CPU
		{E5AA54F2-D378-4086-AE59-528FCF1CA850}.Release|x64.ActiveCfg = Release|Any CPU
		{E5AA54F2-D378-4086-AE59-528FCF1CA850}.Release|x64.Build.0 = Release|Any CPU
		{E5AA54F2-D378-4086-AE59-528FCF1CA850}.Release|x86.ActiveCfg = Release|Any CPU
		{E5AA54F2-D378-4086-AE59-528FCF1CA850}.Release|x86.Build.0 = Release|Any CPU
		{AB6880EC-3122-4FAC-8914-2F6F0BC9ED60}.Debug|Any CPU.ActiveCfg = Debug|Any CPU
		{AB6880EC-3122-4FAC-8914-2F6F0BC9ED60}.Debug|Any CPU.Build.0 = Debug|Any CPU
		{AB6880EC-3122-4FAC-8914-2F6F0BC9ED60}.Debug|x64.ActiveCfg = Debug|Any CPU
		{AB6880EC-3122-4FAC-8914-2F6F0BC9ED60}.Debug|x64.Build.0 = Debug|Any CPU
		{AB6880EC-3122-4FAC-8914-2F6F0BC9ED60}.Debug|x86.ActiveCfg = Debug|Any CPU
		{AB6880EC-3122-4FAC-8914-2F6F0BC9ED60}.Debug|x86.Build.0 = Debug|Any CPU
		{AB6880EC-3122-4FAC-8914-2F6F0BC9ED60}.Release|Any CPU.ActiveCfg = Release|Any CPU
		{AB6880EC-3122-4FAC-8914-2F6F0BC9ED60}.Release|Any CPU.Build.0 = Release|Any CPU
		{AB6880EC-3122-4FAC-8914-2F6F0BC9ED60}.Release|x64.ActiveCfg = Release|Any CPU
		{AB6880EC-3122-4FAC-8914-2F6F0BC9ED60}.Release|x64.Build.0 = Release|Any CPU
		{AB6880EC-3122-4FAC-8914-2F6F0BC9ED60}.Release|x86.ActiveCfg = Release|Any CPU
		{AB6880EC-3122-4FAC-8914-2F6F0BC9ED60}.Release|x86.Build.0 = Release|Any CPU
		{BFF8BC31-3467-40DE-8E6C-13B09EBDA9B8}.Debug|Any CPU.ActiveCfg = Debug|Any CPU
		{BFF8BC31-3467-40DE-8E6C-13B09EBDA9B8}.Debug|Any CPU.Build.0 = Debug|Any CPU
		{BFF8BC31-3467-40DE-8E6C-13B09EBDA9B8}.Debug|x64.ActiveCfg = Debug|Any CPU
		{BFF8BC31-3467-40DE-8E6C-13B09EBDA9B8}.Debug|x64.Build.0 = Debug|Any CPU
		{BFF8BC31-3467-40DE-8E6C-13B09EBDA9B8}.Debug|x86.ActiveCfg = Debug|Any CPU
		{BFF8BC31-3467-40DE-8E6C-13B09EBDA9B8}.Debug|x86.Build.0 = Debug|Any CPU
		{BFF8BC31-3467-40DE-8E6C-13B09EBDA9B8}.Release|Any CPU.ActiveCfg = Release|Any CPU
		{BFF8BC31-3467-40DE-8E6C-13B09EBDA9B8}.Release|Any CPU.Build.0 = Release|Any CPU
		{BFF8BC31-3467-40DE-8E6C-13B09EBDA9B8}.Release|x64.ActiveCfg = Release|Any CPU
		{BFF8BC31-3467-40DE-8E6C-13B09EBDA9B8}.Release|x64.Build.0 = Release|Any CPU
		{BFF8BC31-3467-40DE-8E6C-13B09EBDA9B8}.Release|x86.ActiveCfg = Release|Any CPU
		{BFF8BC31-3467-40DE-8E6C-13B09EBDA9B8}.Release|x86.Build.0 = Release|Any CPU
		{F2A1FE65-7FC0-4C70-B123-C92DB79B7FEA}.Debug|Any CPU.ActiveCfg = Debug|Any CPU
		{F2A1FE65-7FC0-4C70-B123-C92DB79B7FEA}.Debug|Any CPU.Build.0 = Debug|Any CPU
		{F2A1FE65-7FC0-4C70-B123-C92DB79B7FEA}.Debug|x64.ActiveCfg = Debug|Any CPU
		{F2A1FE65-7FC0-4C70-B123-C92DB79B7FEA}.Debug|x64.Build.0 = Debug|Any CPU
		{F2A1FE65-7FC0-4C70-B123-C92DB79B7FEA}.Debug|x86.ActiveCfg = Debug|Any CPU
		{F2A1FE65-7FC0-4C70-B123-C92DB79B7FEA}.Debug|x86.Build.0 = Debug|Any CPU
		{F2A1FE65-7FC0-4C70-B123-C92DB79B7FEA}.Release|Any CPU.ActiveCfg = Release|Any CPU
		{F2A1FE65-7FC0-4C70-B123-C92DB79B7FEA}.Release|Any CPU.Build.0 = Release|Any CPU
		{F2A1FE65-7FC0-4C70-B123-C92DB79B7FEA}.Release|x64.ActiveCfg = Release|Any CPU
		{F2A1FE65-7FC0-4C70-B123-C92DB79B7FEA}.Release|x64.Build.0 = Release|Any CPU
		{F2A1FE65-7FC0-4C70-B123-C92DB79B7FEA}.Release|x86.ActiveCfg = Release|Any CPU
		{F2A1FE65-7FC0-4C70-B123-C92DB79B7FEA}.Release|x86.Build.0 = Release|Any CPU
		{DB9FB69C-7966-4ED7-8F3C-8827749958F1}.Debug|Any CPU.ActiveCfg = Debug|Any CPU
		{DB9FB69C-7966-4ED7-8F3C-8827749958F1}.Debug|Any CPU.Build.0 = Debug|Any CPU
		{DB9FB69C-7966-4ED7-8F3C-8827749958F1}.Debug|x64.ActiveCfg = Debug|Any CPU
		{DB9FB69C-7966-4ED7-8F3C-8827749958F1}.Debug|x64.Build.0 = Debug|Any CPU
		{DB9FB69C-7966-4ED7-8F3C-8827749958F1}.Debug|x86.ActiveCfg = Debug|Any CPU
		{DB9FB69C-7966-4ED7-8F3C-8827749958F1}.Debug|x86.Build.0 = Debug|Any CPU
		{DB9FB69C-7966-4ED7-8F3C-8827749958F1}.Release|Any CPU.ActiveCfg = Release|Any CPU
		{DB9FB69C-7966-4ED7-8F3C-8827749958F1}.Release|Any CPU.Build.0 = Release|Any CPU
		{DB9FB69C-7966-4ED7-8F3C-8827749958F1}.Release|x64.ActiveCfg = Release|Any CPU
		{DB9FB69C-7966-4ED7-8F3C-8827749958F1}.Release|x64.Build.0 = Release|Any CPU
		{DB9FB69C-7966-4ED7-8F3C-8827749958F1}.Release|x86.ActiveCfg = Release|Any CPU
		{DB9FB69C-7966-4ED7-8F3C-8827749958F1}.Release|x86.Build.0 = Release|Any CPU
		{EDFC1B08-087F-4ADB-AC40-743755184C3C}.Debug|Any CPU.ActiveCfg = Debug|Any CPU
		{EDFC1B08-087F-4ADB-AC40-743755184C3C}.Debug|Any CPU.Build.0 = Debug|Any CPU
		{EDFC1B08-087F-4ADB-AC40-743755184C3C}.Debug|x64.ActiveCfg = Debug|Any CPU
		{EDFC1B08-087F-4ADB-AC40-743755184C3C}.Debug|x64.Build.0 = Debug|Any CPU
		{EDFC1B08-087F-4ADB-AC40-743755184C3C}.Debug|x86.ActiveCfg = Debug|Any CPU
		{EDFC1B08-087F-4ADB-AC40-743755184C3C}.Debug|x86.Build.0 = Debug|Any CPU
		{EDFC1B08-087F-4ADB-AC40-743755184C3C}.Release|Any CPU.ActiveCfg = Release|Any CPU
		{EDFC1B08-087F-4ADB-AC40-743755184C3C}.Release|Any CPU.Build.0 = Release|Any CPU
		{EDFC1B08-087F-4ADB-AC40-743755184C3C}.Release|x64.ActiveCfg = Release|Any CPU
		{EDFC1B08-087F-4ADB-AC40-743755184C3C}.Release|x64.Build.0 = Release|Any CPU
		{EDFC1B08-087F-4ADB-AC40-743755184C3C}.Release|x86.ActiveCfg = Release|Any CPU
		{EDFC1B08-087F-4ADB-AC40-743755184C3C}.Release|x86.Build.0 = Release|Any CPU
		{3C53BE64-DF7F-434C-B8A1-712415F3196B}.Debug|Any CPU.ActiveCfg = Debug|Any CPU
		{3C53BE64-DF7F-434C-B8A1-712415F3196B}.Debug|Any CPU.Build.0 = Debug|Any CPU
		{3C53BE64-DF7F-434C-B8A1-712415F3196B}.Debug|x64.ActiveCfg = Debug|Any CPU
		{3C53BE64-DF7F-434C-B8A1-712415F3196B}.Debug|x64.Build.0 = Debug|Any CPU
		{3C53BE64-DF7F-434C-B8A1-712415F3196B}.Debug|x86.ActiveCfg = Debug|Any CPU
		{3C53BE64-DF7F-434C-B8A1-712415F3196B}.Debug|x86.Build.0 = Debug|Any CPU
		{3C53BE64-DF7F-434C-B8A1-712415F3196B}.Release|Any CPU.ActiveCfg = Release|Any CPU
		{3C53BE64-DF7F-434C-B8A1-712415F3196B}.Release|Any CPU.Build.0 = Release|Any CPU
		{3C53BE64-DF7F-434C-B8A1-712415F3196B}.Release|x64.ActiveCfg = Release|Any CPU
		{3C53BE64-DF7F-434C-B8A1-712415F3196B}.Release|x64.Build.0 = Release|Any CPU
		{3C53BE64-DF7F-434C-B8A1-712415F3196B}.Release|x86.ActiveCfg = Release|Any CPU
		{3C53BE64-DF7F-434C-B8A1-712415F3196B}.Release|x86.Build.0 = Release|Any CPU
		{BE6A4F24-EDAF-4017-96DE-B70CF9C76C80}.Debug|Any CPU.ActiveCfg = Debug|Any CPU
		{BE6A4F24-EDAF-4017-96DE-B70CF9C76C80}.Debug|Any CPU.Build.0 = Debug|Any CPU
		{BE6A4F24-EDAF-4017-96DE-B70CF9C76C80}.Debug|x64.ActiveCfg = Debug|Any CPU
		{BE6A4F24-EDAF-4017-96DE-B70CF9C76C80}.Debug|x64.Build.0 = Debug|Any CPU
		{BE6A4F24-EDAF-4017-96DE-B70CF9C76C80}.Debug|x86.ActiveCfg = Debug|Any CPU
		{BE6A4F24-EDAF-4017-96DE-B70CF9C76C80}.Debug|x86.Build.0 = Debug|Any CPU
		{BE6A4F24-EDAF-4017-96DE-B70CF9C76C80}.Release|Any CPU.ActiveCfg = Release|Any CPU
		{BE6A4F24-EDAF-4017-96DE-B70CF9C76C80}.Release|Any CPU.Build.0 = Release|Any CPU
		{BE6A4F24-EDAF-4017-96DE-B70CF9C76C80}.Release|x64.ActiveCfg = Release|Any CPU
		{BE6A4F24-EDAF-4017-96DE-B70CF9C76C80}.Release|x64.Build.0 = Release|Any CPU
		{BE6A4F24-EDAF-4017-96DE-B70CF9C76C80}.Release|x86.ActiveCfg = Release|Any CPU
		{BE6A4F24-EDAF-4017-96DE-B70CF9C76C80}.Release|x86.Build.0 = Release|Any CPU
		{4F427ACD-93ED-4FD8-98E6-07F6AB0C7820}.Debug|Any CPU.ActiveCfg = Debug|Any CPU
		{4F427ACD-93ED-4FD8-98E6-07F6AB0C7820}.Debug|Any CPU.Build.0 = Debug|Any CPU
		{4F427ACD-93ED-4FD8-98E6-07F6AB0C7820}.Debug|x64.ActiveCfg = Debug|Any CPU
		{4F427ACD-93ED-4FD8-98E6-07F6AB0C7820}.Debug|x64.Build.0 = Debug|Any CPU
		{4F427ACD-93ED-4FD8-98E6-07F6AB0C7820}.Debug|x86.ActiveCfg = Debug|Any CPU
		{4F427ACD-93ED-4FD8-98E6-07F6AB0C7820}.Debug|x86.Build.0 = Debug|Any CPU
		{4F427ACD-93ED-4FD8-98E6-07F6AB0C7820}.Release|Any CPU.ActiveCfg = Release|Any CPU
		{4F427ACD-93ED-4FD8-98E6-07F6AB0C7820}.Release|Any CPU.Build.0 = Release|Any CPU
		{4F427ACD-93ED-4FD8-98E6-07F6AB0C7820}.Release|x64.ActiveCfg = Release|Any CPU
		{4F427ACD-93ED-4FD8-98E6-07F6AB0C7820}.Release|x64.Build.0 = Release|Any CPU
		{4F427ACD-93ED-4FD8-98E6-07F6AB0C7820}.Release|x86.ActiveCfg = Release|Any CPU
		{4F427ACD-93ED-4FD8-98E6-07F6AB0C7820}.Release|x86.Build.0 = Release|Any CPU
		{B0AE1CF8-EABF-4402-8C51-4BC04B7ACA8A}.Debug|Any CPU.ActiveCfg = Debug|Any CPU
		{B0AE1CF8-EABF-4402-8C51-4BC04B7ACA8A}.Debug|Any CPU.Build.0 = Debug|Any CPU
		{B0AE1CF8-EABF-4402-8C51-4BC04B7ACA8A}.Debug|x64.ActiveCfg = Debug|Any CPU
		{B0AE1CF8-EABF-4402-8C51-4BC04B7ACA8A}.Debug|x64.Build.0 = Debug|Any CPU
		{B0AE1CF8-EABF-4402-8C51-4BC04B7ACA8A}.Debug|x86.ActiveCfg = Debug|Any CPU
		{B0AE1CF8-EABF-4402-8C51-4BC04B7ACA8A}.Debug|x86.Build.0 = Debug|Any CPU
		{B0AE1CF8-EABF-4402-8C51-4BC04B7ACA8A}.Release|Any CPU.ActiveCfg = Release|Any CPU
		{B0AE1CF8-EABF-4402-8C51-4BC04B7ACA8A}.Release|Any CPU.Build.0 = Release|Any CPU
		{B0AE1CF8-EABF-4402-8C51-4BC04B7ACA8A}.Release|x64.ActiveCfg = Release|Any CPU
		{B0AE1CF8-EABF-4402-8C51-4BC04B7ACA8A}.Release|x64.Build.0 = Release|Any CPU
		{B0AE1CF8-EABF-4402-8C51-4BC04B7ACA8A}.Release|x86.ActiveCfg = Release|Any CPU
		{B0AE1CF8-EABF-4402-8C51-4BC04B7ACA8A}.Release|x86.Build.0 = Release|Any CPU
		{DEE350E4-C2BD-458E-9964-B1A178FF1F80}.Debug|Any CPU.ActiveCfg = Debug|Any CPU
		{DEE350E4-C2BD-458E-9964-B1A178FF1F80}.Debug|Any CPU.Build.0 = Debug|Any CPU
		{DEE350E4-C2BD-458E-9964-B1A178FF1F80}.Debug|x64.ActiveCfg = Debug|Any CPU
		{DEE350E4-C2BD-458E-9964-B1A178FF1F80}.Debug|x64.Build.0 = Debug|Any CPU
		{DEE350E4-C2BD-458E-9964-B1A178FF1F80}.Debug|x86.ActiveCfg = Debug|Any CPU
		{DEE350E4-C2BD-458E-9964-B1A178FF1F80}.Debug|x86.Build.0 = Debug|Any CPU
		{DEE350E4-C2BD-458E-9964-B1A178FF1F80}.Release|Any CPU.ActiveCfg = Release|Any CPU
		{DEE350E4-C2BD-458E-9964-B1A178FF1F80}.Release|Any CPU.Build.0 = Release|Any CPU
		{DEE350E4-C2BD-458E-9964-B1A178FF1F80}.Release|x64.ActiveCfg = Release|Any CPU
		{DEE350E4-C2BD-458E-9964-B1A178FF1F80}.Release|x64.Build.0 = Release|Any CPU
		{DEE350E4-C2BD-458E-9964-B1A178FF1F80}.Release|x86.ActiveCfg = Release|Any CPU
		{DEE350E4-C2BD-458E-9964-B1A178FF1F80}.Release|x86.Build.0 = Release|Any CPU
		{759BAEF6-3AF8-4BD3-B6E1-20A56C0FE676}.Debug|Any CPU.ActiveCfg = Debug|Any CPU
		{759BAEF6-3AF8-4BD3-B6E1-20A56C0FE676}.Debug|Any CPU.Build.0 = Debug|Any CPU
		{759BAEF6-3AF8-4BD3-B6E1-20A56C0FE676}.Debug|x64.ActiveCfg = Debug|Any CPU
		{759BAEF6-3AF8-4BD3-B6E1-20A56C0FE676}.Debug|x64.Build.0 = Debug|Any CPU
		{759BAEF6-3AF8-4BD3-B6E1-20A56C0FE676}.Debug|x86.ActiveCfg = Debug|Any CPU
		{759BAEF6-3AF8-4BD3-B6E1-20A56C0FE676}.Debug|x86.Build.0 = Debug|Any CPU
		{759BAEF6-3AF8-4BD3-B6E1-20A56C0FE676}.Release|Any CPU.ActiveCfg = Release|Any CPU
		{759BAEF6-3AF8-4BD3-B6E1-20A56C0FE676}.Release|Any CPU.Build.0 = Release|Any CPU
		{759BAEF6-3AF8-4BD3-B6E1-20A56C0FE676}.Release|x64.ActiveCfg = Release|Any CPU
		{759BAEF6-3AF8-4BD3-B6E1-20A56C0FE676}.Release|x64.Build.0 = Release|Any CPU
		{759BAEF6-3AF8-4BD3-B6E1-20A56C0FE676}.Release|x86.ActiveCfg = Release|Any CPU
		{759BAEF6-3AF8-4BD3-B6E1-20A56C0FE676}.Release|x86.Build.0 = Release|Any CPU
		{3D8D5368-1878-45C2-974D-4FD4523C7CB8}.Debug|Any CPU.ActiveCfg = Debug|Any CPU
		{3D8D5368-1878-45C2-974D-4FD4523C7CB8}.Debug|Any CPU.Build.0 = Debug|Any CPU
		{3D8D5368-1878-45C2-974D-4FD4523C7CB8}.Debug|x64.ActiveCfg = Debug|Any CPU
		{3D8D5368-1878-45C2-974D-4FD4523C7CB8}.Debug|x64.Build.0 = Debug|Any CPU
		{3D8D5368-1878-45C2-974D-4FD4523C7CB8}.Debug|x86.ActiveCfg = Debug|Any CPU
		{3D8D5368-1878-45C2-974D-4FD4523C7CB8}.Debug|x86.Build.0 = Debug|Any CPU
		{3D8D5368-1878-45C2-974D-4FD4523C7CB8}.Release|Any CPU.ActiveCfg = Release|Any CPU
		{3D8D5368-1878-45C2-974D-4FD4523C7CB8}.Release|Any CPU.Build.0 = Release|Any CPU
		{3D8D5368-1878-45C2-974D-4FD4523C7CB8}.Release|x64.ActiveCfg = Release|Any CPU
		{3D8D5368-1878-45C2-974D-4FD4523C7CB8}.Release|x64.Build.0 = Release|Any CPU
		{3D8D5368-1878-45C2-974D-4FD4523C7CB8}.Release|x86.ActiveCfg = Release|Any CPU
		{3D8D5368-1878-45C2-974D-4FD4523C7CB8}.Release|x86.Build.0 = Release|Any CPU
		{6E1784B0-DDF4-431A-93DF-95247FD025D4}.Debug|Any CPU.ActiveCfg = Debug|Any CPU
		{6E1784B0-DDF4-431A-93DF-95247FD025D4}.Debug|Any CPU.Build.0 = Debug|Any CPU
		{6E1784B0-DDF4-431A-93DF-95247FD025D4}.Debug|x64.ActiveCfg = Debug|Any CPU
		{6E1784B0-DDF4-431A-93DF-95247FD025D4}.Debug|x64.Build.0 = Debug|Any CPU
		{6E1784B0-DDF4-431A-93DF-95247FD025D4}.Debug|x86.ActiveCfg = Debug|Any CPU
		{6E1784B0-DDF4-431A-93DF-95247FD025D4}.Debug|x86.Build.0 = Debug|Any CPU
		{6E1784B0-DDF4-431A-93DF-95247FD025D4}.Release|Any CPU.ActiveCfg = Release|Any CPU
		{6E1784B0-DDF4-431A-93DF-95247FD025D4}.Release|Any CPU.Build.0 = Release|Any CPU
		{6E1784B0-DDF4-431A-93DF-95247FD025D4}.Release|x64.ActiveCfg = Release|Any CPU
		{6E1784B0-DDF4-431A-93DF-95247FD025D4}.Release|x64.Build.0 = Release|Any CPU
		{6E1784B0-DDF4-431A-93DF-95247FD025D4}.Release|x86.ActiveCfg = Release|Any CPU
		{6E1784B0-DDF4-431A-93DF-95247FD025D4}.Release|x86.Build.0 = Release|Any CPU
		{7E7D0719-379B-4723-BB17-B8CE19324667}.Debug|Any CPU.ActiveCfg = Debug|Any CPU
		{7E7D0719-379B-4723-BB17-B8CE19324667}.Debug|Any CPU.Build.0 = Debug|Any CPU
		{7E7D0719-379B-4723-BB17-B8CE19324667}.Debug|x64.ActiveCfg = Debug|Any CPU
		{7E7D0719-379B-4723-BB17-B8CE19324667}.Debug|x64.Build.0 = Debug|Any CPU
		{7E7D0719-379B-4723-BB17-B8CE19324667}.Debug|x86.ActiveCfg = Debug|Any CPU
		{7E7D0719-379B-4723-BB17-B8CE19324667}.Debug|x86.Build.0 = Debug|Any CPU
		{7E7D0719-379B-4723-BB17-B8CE19324667}.Release|Any CPU.ActiveCfg = Release|Any CPU
		{7E7D0719-379B-4723-BB17-B8CE19324667}.Release|Any CPU.Build.0 = Release|Any CPU
		{7E7D0719-379B-4723-BB17-B8CE19324667}.Release|x64.ActiveCfg = Release|Any CPU
		{7E7D0719-379B-4723-BB17-B8CE19324667}.Release|x64.Build.0 = Release|Any CPU
		{7E7D0719-379B-4723-BB17-B8CE19324667}.Release|x86.ActiveCfg = Release|Any CPU
		{7E7D0719-379B-4723-BB17-B8CE19324667}.Release|x86.Build.0 = Release|Any CPU
		{B281EEE4-208C-456D-8D10-5AFF8805A598}.Debug|Any CPU.ActiveCfg = Debug|Any CPU
		{B281EEE4-208C-456D-8D10-5AFF8805A598}.Debug|Any CPU.Build.0 = Debug|Any CPU
		{B281EEE4-208C-456D-8D10-5AFF8805A598}.Debug|x64.ActiveCfg = Debug|Any CPU
		{B281EEE4-208C-456D-8D10-5AFF8805A598}.Debug|x64.Build.0 = Debug|Any CPU
		{B281EEE4-208C-456D-8D10-5AFF8805A598}.Debug|x86.ActiveCfg = Debug|Any CPU
		{B281EEE4-208C-456D-8D10-5AFF8805A598}.Debug|x86.Build.0 = Debug|Any CPU
		{B281EEE4-208C-456D-8D10-5AFF8805A598}.Release|Any CPU.ActiveCfg = Release|Any CPU
		{B281EEE4-208C-456D-8D10-5AFF8805A598}.Release|Any CPU.Build.0 = Release|Any CPU
		{B281EEE4-208C-456D-8D10-5AFF8805A598}.Release|x64.ActiveCfg = Release|Any CPU
		{B281EEE4-208C-456D-8D10-5AFF8805A598}.Release|x64.Build.0 = Release|Any CPU
		{B281EEE4-208C-456D-8D10-5AFF8805A598}.Release|x86.ActiveCfg = Release|Any CPU
		{B281EEE4-208C-456D-8D10-5AFF8805A598}.Release|x86.Build.0 = Release|Any CPU
		{7975F1B7-CC87-4C9E-8700-5523D4725402}.Debug|Any CPU.ActiveCfg = Debug|Any CPU
		{7975F1B7-CC87-4C9E-8700-5523D4725402}.Debug|Any CPU.Build.0 = Debug|Any CPU
		{7975F1B7-CC87-4C9E-8700-5523D4725402}.Debug|x64.ActiveCfg = Debug|Any CPU
		{7975F1B7-CC87-4C9E-8700-5523D4725402}.Debug|x64.Build.0 = Debug|Any CPU
		{7975F1B7-CC87-4C9E-8700-5523D4725402}.Debug|x86.ActiveCfg = Debug|Any CPU
		{7975F1B7-CC87-4C9E-8700-5523D4725402}.Debug|x86.Build.0 = Debug|Any CPU
		{7975F1B7-CC87-4C9E-8700-5523D4725402}.Release|Any CPU.ActiveCfg = Release|Any CPU
		{7975F1B7-CC87-4C9E-8700-5523D4725402}.Release|Any CPU.Build.0 = Release|Any CPU
		{7975F1B7-CC87-4C9E-8700-5523D4725402}.Release|x64.ActiveCfg = Release|Any CPU
		{7975F1B7-CC87-4C9E-8700-5523D4725402}.Release|x64.Build.0 = Release|Any CPU
		{7975F1B7-CC87-4C9E-8700-5523D4725402}.Release|x86.ActiveCfg = Release|Any CPU
		{7975F1B7-CC87-4C9E-8700-5523D4725402}.Release|x86.Build.0 = Release|Any CPU
		{C91C4697-B377-4BFC-8F76-F9FFBA04C26C}.Debug|Any CPU.ActiveCfg = Debug|Any CPU
		{C91C4697-B377-4BFC-8F76-F9FFBA04C26C}.Debug|Any CPU.Build.0 = Debug|Any CPU
		{C91C4697-B377-4BFC-8F76-F9FFBA04C26C}.Debug|x64.ActiveCfg = Debug|Any CPU
		{C91C4697-B377-4BFC-8F76-F9FFBA04C26C}.Debug|x64.Build.0 = Debug|Any CPU
		{C91C4697-B377-4BFC-8F76-F9FFBA04C26C}.Debug|x86.ActiveCfg = Debug|Any CPU
		{C91C4697-B377-4BFC-8F76-F9FFBA04C26C}.Debug|x86.Build.0 = Debug|Any CPU
		{C91C4697-B377-4BFC-8F76-F9FFBA04C26C}.Release|Any CPU.ActiveCfg = Release|Any CPU
		{C91C4697-B377-4BFC-8F76-F9FFBA04C26C}.Release|Any CPU.Build.0 = Release|Any CPU
		{C91C4697-B377-4BFC-8F76-F9FFBA04C26C}.Release|x64.ActiveCfg = Release|Any CPU
		{C91C4697-B377-4BFC-8F76-F9FFBA04C26C}.Release|x64.Build.0 = Release|Any CPU
		{C91C4697-B377-4BFC-8F76-F9FFBA04C26C}.Release|x86.ActiveCfg = Release|Any CPU
		{C91C4697-B377-4BFC-8F76-F9FFBA04C26C}.Release|x86.Build.0 = Release|Any CPU
		{79654CE4-0B38-4B4D-A5F9-92E4B2EAD137}.Debug|Any CPU.ActiveCfg = Debug|Any CPU
		{79654CE4-0B38-4B4D-A5F9-92E4B2EAD137}.Debug|Any CPU.Build.0 = Debug|Any CPU
		{79654CE4-0B38-4B4D-A5F9-92E4B2EAD137}.Debug|x64.ActiveCfg = Debug|Any CPU
		{79654CE4-0B38-4B4D-A5F9-92E4B2EAD137}.Debug|x64.Build.0 = Debug|Any CPU
		{79654CE4-0B38-4B4D-A5F9-92E4B2EAD137}.Debug|x86.ActiveCfg = Debug|Any CPU
		{79654CE4-0B38-4B4D-A5F9-92E4B2EAD137}.Debug|x86.Build.0 = Debug|Any CPU
		{79654CE4-0B38-4B4D-A5F9-92E4B2EAD137}.Release|Any CPU.ActiveCfg = Release|Any CPU
		{79654CE4-0B38-4B4D-A5F9-92E4B2EAD137}.Release|Any CPU.Build.0 = Release|Any CPU
		{79654CE4-0B38-4B4D-A5F9-92E4B2EAD137}.Release|x64.ActiveCfg = Release|Any CPU
		{79654CE4-0B38-4B4D-A5F9-92E4B2EAD137}.Release|x64.Build.0 = Release|Any CPU
		{79654CE4-0B38-4B4D-A5F9-92E4B2EAD137}.Release|x86.ActiveCfg = Release|Any CPU
		{79654CE4-0B38-4B4D-A5F9-92E4B2EAD137}.Release|x86.Build.0 = Release|Any CPU
		{7713D920-438A-4A02-906D-E3CFB8BBA96F}.Debug|Any CPU.ActiveCfg = Debug|Any CPU
		{7713D920-438A-4A02-906D-E3CFB8BBA96F}.Debug|Any CPU.Build.0 = Debug|Any CPU
		{7713D920-438A-4A02-906D-E3CFB8BBA96F}.Debug|x64.ActiveCfg = Debug|Any CPU
		{7713D920-438A-4A02-906D-E3CFB8BBA96F}.Debug|x64.Build.0 = Debug|Any CPU
		{7713D920-438A-4A02-906D-E3CFB8BBA96F}.Debug|x86.ActiveCfg = Debug|Any CPU
		{7713D920-438A-4A02-906D-E3CFB8BBA96F}.Debug|x86.Build.0 = Debug|Any CPU
		{7713D920-438A-4A02-906D-E3CFB8BBA96F}.Release|Any CPU.ActiveCfg = Release|Any CPU
		{7713D920-438A-4A02-906D-E3CFB8BBA96F}.Release|Any CPU.Build.0 = Release|Any CPU
		{7713D920-438A-4A02-906D-E3CFB8BBA96F}.Release|x64.ActiveCfg = Release|Any CPU
		{7713D920-438A-4A02-906D-E3CFB8BBA96F}.Release|x64.Build.0 = Release|Any CPU
		{7713D920-438A-4A02-906D-E3CFB8BBA96F}.Release|x86.ActiveCfg = Release|Any CPU
		{7713D920-438A-4A02-906D-E3CFB8BBA96F}.Release|x86.Build.0 = Release|Any CPU
		{D713EF7C-906C-46DF-A325-1CA007C049A0}.Debug|Any CPU.ActiveCfg = Debug|Any CPU
		{D713EF7C-906C-46DF-A325-1CA007C049A0}.Debug|Any CPU.Build.0 = Debug|Any CPU
		{D713EF7C-906C-46DF-A325-1CA007C049A0}.Debug|x64.ActiveCfg = Debug|Any CPU
		{D713EF7C-906C-46DF-A325-1CA007C049A0}.Debug|x64.Build.0 = Debug|Any CPU
		{D713EF7C-906C-46DF-A325-1CA007C049A0}.Debug|x86.ActiveCfg = Debug|Any CPU
		{D713EF7C-906C-46DF-A325-1CA007C049A0}.Debug|x86.Build.0 = Debug|Any CPU
		{D713EF7C-906C-46DF-A325-1CA007C049A0}.Release|Any CPU.ActiveCfg = Release|Any CPU
		{D713EF7C-906C-46DF-A325-1CA007C049A0}.Release|Any CPU.Build.0 = Release|Any CPU
		{D713EF7C-906C-46DF-A325-1CA007C049A0}.Release|x64.ActiveCfg = Release|Any CPU
		{D713EF7C-906C-46DF-A325-1CA007C049A0}.Release|x64.Build.0 = Release|Any CPU
		{D713EF7C-906C-46DF-A325-1CA007C049A0}.Release|x86.ActiveCfg = Release|Any CPU
		{D713EF7C-906C-46DF-A325-1CA007C049A0}.Release|x86.Build.0 = Release|Any CPU
		{D3E6CC7E-15E9-4D8A-855D-95E5590031FA}.Debug|Any CPU.ActiveCfg = Debug|Any CPU
		{D3E6CC7E-15E9-4D8A-855D-95E5590031FA}.Debug|Any CPU.Build.0 = Debug|Any CPU
		{D3E6CC7E-15E9-4D8A-855D-95E5590031FA}.Debug|x64.ActiveCfg = Debug|Any CPU
		{D3E6CC7E-15E9-4D8A-855D-95E5590031FA}.Debug|x64.Build.0 = Debug|Any CPU
		{D3E6CC7E-15E9-4D8A-855D-95E5590031FA}.Debug|x86.ActiveCfg = Debug|Any CPU
		{D3E6CC7E-15E9-4D8A-855D-95E5590031FA}.Debug|x86.Build.0 = Debug|Any CPU
		{D3E6CC7E-15E9-4D8A-855D-95E5590031FA}.Release|Any CPU.ActiveCfg = Release|Any CPU
		{D3E6CC7E-15E9-4D8A-855D-95E5590031FA}.Release|Any CPU.Build.0 = Release|Any CPU
		{D3E6CC7E-15E9-4D8A-855D-95E5590031FA}.Release|x64.ActiveCfg = Release|Any CPU
		{D3E6CC7E-15E9-4D8A-855D-95E5590031FA}.Release|x64.Build.0 = Release|Any CPU
		{D3E6CC7E-15E9-4D8A-855D-95E5590031FA}.Release|x86.ActiveCfg = Release|Any CPU
		{D3E6CC7E-15E9-4D8A-855D-95E5590031FA}.Release|x86.Build.0 = Release|Any CPU
		{5FDD0C46-4AB5-4021-B23D-206AA51AF7AC}.Debug|Any CPU.ActiveCfg = Debug|Any CPU
		{5FDD0C46-4AB5-4021-B23D-206AA51AF7AC}.Debug|Any CPU.Build.0 = Debug|Any CPU
		{5FDD0C46-4AB5-4021-B23D-206AA51AF7AC}.Debug|x64.ActiveCfg = Debug|Any CPU
		{5FDD0C46-4AB5-4021-B23D-206AA51AF7AC}.Debug|x64.Build.0 = Debug|Any CPU
		{5FDD0C46-4AB5-4021-B23D-206AA51AF7AC}.Debug|x86.ActiveCfg = Debug|Any CPU
		{5FDD0C46-4AB5-4021-B23D-206AA51AF7AC}.Debug|x86.Build.0 = Debug|Any CPU
		{5FDD0C46-4AB5-4021-B23D-206AA51AF7AC}.Release|Any CPU.ActiveCfg = Release|Any CPU
		{5FDD0C46-4AB5-4021-B23D-206AA51AF7AC}.Release|Any CPU.Build.0 = Release|Any CPU
		{5FDD0C46-4AB5-4021-B23D-206AA51AF7AC}.Release|x64.ActiveCfg = Release|Any CPU
		{5FDD0C46-4AB5-4021-B23D-206AA51AF7AC}.Release|x64.Build.0 = Release|Any CPU
		{5FDD0C46-4AB5-4021-B23D-206AA51AF7AC}.Release|x86.ActiveCfg = Release|Any CPU
		{5FDD0C46-4AB5-4021-B23D-206AA51AF7AC}.Release|x86.Build.0 = Release|Any CPU
		{F7CA55B9-A8F9-4389-B65B-F8BFAA986089}.Debug|Any CPU.ActiveCfg = Debug|Any CPU
		{F7CA55B9-A8F9-4389-B65B-F8BFAA986089}.Debug|Any CPU.Build.0 = Debug|Any CPU
		{F7CA55B9-A8F9-4389-B65B-F8BFAA986089}.Debug|x64.ActiveCfg = Debug|Any CPU
		{F7CA55B9-A8F9-4389-B65B-F8BFAA986089}.Debug|x64.Build.0 = Debug|Any CPU
		{F7CA55B9-A8F9-4389-B65B-F8BFAA986089}.Debug|x86.ActiveCfg = Debug|Any CPU
		{F7CA55B9-A8F9-4389-B65B-F8BFAA986089}.Debug|x86.Build.0 = Debug|Any CPU
		{F7CA55B9-A8F9-4389-B65B-F8BFAA986089}.Release|Any CPU.ActiveCfg = Release|Any CPU
		{F7CA55B9-A8F9-4389-B65B-F8BFAA986089}.Release|Any CPU.Build.0 = Release|Any CPU
		{F7CA55B9-A8F9-4389-B65B-F8BFAA986089}.Release|x64.ActiveCfg = Release|Any CPU
		{F7CA55B9-A8F9-4389-B65B-F8BFAA986089}.Release|x64.Build.0 = Release|Any CPU
		{F7CA55B9-A8F9-4389-B65B-F8BFAA986089}.Release|x86.ActiveCfg = Release|Any CPU
		{F7CA55B9-A8F9-4389-B65B-F8BFAA986089}.Release|x86.Build.0 = Release|Any CPU
		{46E744AB-9B14-40B7-9CE4-38FC506C1745}.Debug|Any CPU.ActiveCfg = Debug|Any CPU
		{46E744AB-9B14-40B7-9CE4-38FC506C1745}.Debug|Any CPU.Build.0 = Debug|Any CPU
		{46E744AB-9B14-40B7-9CE4-38FC506C1745}.Debug|x64.ActiveCfg = Debug|Any CPU
		{46E744AB-9B14-40B7-9CE4-38FC506C1745}.Debug|x64.Build.0 = Debug|Any CPU
		{46E744AB-9B14-40B7-9CE4-38FC506C1745}.Debug|x86.ActiveCfg = Debug|Any CPU
		{46E744AB-9B14-40B7-9CE4-38FC506C1745}.Debug|x86.Build.0 = Debug|Any CPU
		{46E744AB-9B14-40B7-9CE4-38FC506C1745}.Release|Any CPU.ActiveCfg = Release|Any CPU
		{46E744AB-9B14-40B7-9CE4-38FC506C1745}.Release|Any CPU.Build.0 = Release|Any CPU
		{46E744AB-9B14-40B7-9CE4-38FC506C1745}.Release|x64.ActiveCfg = Release|Any CPU
		{46E744AB-9B14-40B7-9CE4-38FC506C1745}.Release|x64.Build.0 = Release|Any CPU
		{46E744AB-9B14-40B7-9CE4-38FC506C1745}.Release|x86.ActiveCfg = Release|Any CPU
		{46E744AB-9B14-40B7-9CE4-38FC506C1745}.Release|x86.Build.0 = Release|Any CPU
		{15EADE8D-A550-4EC2-A0CC-FE35663D5197}.Debug|Any CPU.ActiveCfg = Debug|Any CPU
		{15EADE8D-A550-4EC2-A0CC-FE35663D5197}.Debug|Any CPU.Build.0 = Debug|Any CPU
		{15EADE8D-A550-4EC2-A0CC-FE35663D5197}.Debug|x64.ActiveCfg = Debug|Any CPU
		{15EADE8D-A550-4EC2-A0CC-FE35663D5197}.Debug|x64.Build.0 = Debug|Any CPU
		{15EADE8D-A550-4EC2-A0CC-FE35663D5197}.Debug|x86.ActiveCfg = Debug|Any CPU
		{15EADE8D-A550-4EC2-A0CC-FE35663D5197}.Debug|x86.Build.0 = Debug|Any CPU
		{15EADE8D-A550-4EC2-A0CC-FE35663D5197}.Release|Any CPU.ActiveCfg = Release|Any CPU
		{15EADE8D-A550-4EC2-A0CC-FE35663D5197}.Release|Any CPU.Build.0 = Release|Any CPU
		{15EADE8D-A550-4EC2-A0CC-FE35663D5197}.Release|x64.ActiveCfg = Release|Any CPU
		{15EADE8D-A550-4EC2-A0CC-FE35663D5197}.Release|x64.Build.0 = Release|Any CPU
		{15EADE8D-A550-4EC2-A0CC-FE35663D5197}.Release|x86.ActiveCfg = Release|Any CPU
		{15EADE8D-A550-4EC2-A0CC-FE35663D5197}.Release|x86.Build.0 = Release|Any CPU
		{143F9EC9-B9AD-433C-8337-C2FC2A7C2177}.Debug|Any CPU.ActiveCfg = Debug|Any CPU
		{143F9EC9-B9AD-433C-8337-C2FC2A7C2177}.Debug|Any CPU.Build.0 = Debug|Any CPU
		{143F9EC9-B9AD-433C-8337-C2FC2A7C2177}.Debug|x64.ActiveCfg = Debug|Any CPU
		{143F9EC9-B9AD-433C-8337-C2FC2A7C2177}.Debug|x64.Build.0 = Debug|Any CPU
		{143F9EC9-B9AD-433C-8337-C2FC2A7C2177}.Debug|x86.ActiveCfg = Debug|Any CPU
		{143F9EC9-B9AD-433C-8337-C2FC2A7C2177}.Debug|x86.Build.0 = Debug|Any CPU
		{143F9EC9-B9AD-433C-8337-C2FC2A7C2177}.Release|Any CPU.ActiveCfg = Release|Any CPU
		{143F9EC9-B9AD-433C-8337-C2FC2A7C2177}.Release|Any CPU.Build.0 = Release|Any CPU
		{143F9EC9-B9AD-433C-8337-C2FC2A7C2177}.Release|x64.ActiveCfg = Release|Any CPU
		{143F9EC9-B9AD-433C-8337-C2FC2A7C2177}.Release|x64.Build.0 = Release|Any CPU
		{143F9EC9-B9AD-433C-8337-C2FC2A7C2177}.Release|x86.ActiveCfg = Release|Any CPU
		{143F9EC9-B9AD-433C-8337-C2FC2A7C2177}.Release|x86.Build.0 = Release|Any CPU
		{1022B926-035E-4A33-AD4A-569C1D6AD09B}.Debug|Any CPU.ActiveCfg = Debug|Any CPU
		{1022B926-035E-4A33-AD4A-569C1D6AD09B}.Debug|Any CPU.Build.0 = Debug|Any CPU
		{1022B926-035E-4A33-AD4A-569C1D6AD09B}.Debug|x64.ActiveCfg = Debug|Any CPU
		{1022B926-035E-4A33-AD4A-569C1D6AD09B}.Debug|x64.Build.0 = Debug|Any CPU
		{1022B926-035E-4A33-AD4A-569C1D6AD09B}.Debug|x86.ActiveCfg = Debug|Any CPU
		{1022B926-035E-4A33-AD4A-569C1D6AD09B}.Debug|x86.Build.0 = Debug|Any CPU
		{1022B926-035E-4A33-AD4A-569C1D6AD09B}.Release|Any CPU.ActiveCfg = Release|Any CPU
		{1022B926-035E-4A33-AD4A-569C1D6AD09B}.Release|Any CPU.Build.0 = Release|Any CPU
		{1022B926-035E-4A33-AD4A-569C1D6AD09B}.Release|x64.ActiveCfg = Release|Any CPU
		{1022B926-035E-4A33-AD4A-569C1D6AD09B}.Release|x64.Build.0 = Release|Any CPU
		{1022B926-035E-4A33-AD4A-569C1D6AD09B}.Release|x86.ActiveCfg = Release|Any CPU
		{1022B926-035E-4A33-AD4A-569C1D6AD09B}.Release|x86.Build.0 = Release|Any CPU
		{4C6D45B2-F6D8-4E98-8DEB-56691E8DE6AE}.Debug|Any CPU.ActiveCfg = Debug|Any CPU
		{4C6D45B2-F6D8-4E98-8DEB-56691E8DE6AE}.Debug|Any CPU.Build.0 = Debug|Any CPU
		{4C6D45B2-F6D8-4E98-8DEB-56691E8DE6AE}.Debug|x64.ActiveCfg = Debug|Any CPU
		{4C6D45B2-F6D8-4E98-8DEB-56691E8DE6AE}.Debug|x64.Build.0 = Debug|Any CPU
		{4C6D45B2-F6D8-4E98-8DEB-56691E8DE6AE}.Debug|x86.ActiveCfg = Debug|Any CPU
		{4C6D45B2-F6D8-4E98-8DEB-56691E8DE6AE}.Debug|x86.Build.0 = Debug|Any CPU
		{4C6D45B2-F6D8-4E98-8DEB-56691E8DE6AE}.Release|Any CPU.ActiveCfg = Release|Any CPU
		{4C6D45B2-F6D8-4E98-8DEB-56691E8DE6AE}.Release|Any CPU.Build.0 = Release|Any CPU
		{4C6D45B2-F6D8-4E98-8DEB-56691E8DE6AE}.Release|x64.ActiveCfg = Release|Any CPU
		{4C6D45B2-F6D8-4E98-8DEB-56691E8DE6AE}.Release|x64.Build.0 = Release|Any CPU
		{4C6D45B2-F6D8-4E98-8DEB-56691E8DE6AE}.Release|x86.ActiveCfg = Release|Any CPU
		{4C6D45B2-F6D8-4E98-8DEB-56691E8DE6AE}.Release|x86.Build.0 = Release|Any CPU
		{AEDBBA0D-CCDF-4748-ACFF-91217362194E}.Debug|Any CPU.ActiveCfg = Debug|Any CPU
		{AEDBBA0D-CCDF-4748-ACFF-91217362194E}.Debug|Any CPU.Build.0 = Debug|Any CPU
		{AEDBBA0D-CCDF-4748-ACFF-91217362194E}.Debug|x64.ActiveCfg = Debug|Any CPU
		{AEDBBA0D-CCDF-4748-ACFF-91217362194E}.Debug|x64.Build.0 = Debug|Any CPU
		{AEDBBA0D-CCDF-4748-ACFF-91217362194E}.Debug|x86.ActiveCfg = Debug|Any CPU
		{AEDBBA0D-CCDF-4748-ACFF-91217362194E}.Debug|x86.Build.0 = Debug|Any CPU
		{AEDBBA0D-CCDF-4748-ACFF-91217362194E}.Release|Any CPU.ActiveCfg = Release|Any CPU
		{AEDBBA0D-CCDF-4748-ACFF-91217362194E}.Release|Any CPU.Build.0 = Release|Any CPU
		{AEDBBA0D-CCDF-4748-ACFF-91217362194E}.Release|x64.ActiveCfg = Release|Any CPU
		{AEDBBA0D-CCDF-4748-ACFF-91217362194E}.Release|x64.Build.0 = Release|Any CPU
		{AEDBBA0D-CCDF-4748-ACFF-91217362194E}.Release|x86.ActiveCfg = Release|Any CPU
		{AEDBBA0D-CCDF-4748-ACFF-91217362194E}.Release|x86.Build.0 = Release|Any CPU
		{74A70032-CC8B-4FB8-B89E-0DC66D6B6BE3}.Debug|Any CPU.ActiveCfg = Debug|Any CPU
		{74A70032-CC8B-4FB8-B89E-0DC66D6B6BE3}.Debug|Any CPU.Build.0 = Debug|Any CPU
		{74A70032-CC8B-4FB8-B89E-0DC66D6B6BE3}.Debug|x64.ActiveCfg = Debug|Any CPU
		{74A70032-CC8B-4FB8-B89E-0DC66D6B6BE3}.Debug|x64.Build.0 = Debug|Any CPU
		{74A70032-CC8B-4FB8-B89E-0DC66D6B6BE3}.Debug|x86.ActiveCfg = Debug|Any CPU
		{74A70032-CC8B-4FB8-B89E-0DC66D6B6BE3}.Debug|x86.Build.0 = Debug|Any CPU
		{74A70032-CC8B-4FB8-B89E-0DC66D6B6BE3}.Release|Any CPU.ActiveCfg = Release|Any CPU
		{74A70032-CC8B-4FB8-B89E-0DC66D6B6BE3}.Release|Any CPU.Build.0 = Release|Any CPU
		{74A70032-CC8B-4FB8-B89E-0DC66D6B6BE3}.Release|x64.ActiveCfg = Release|Any CPU
		{74A70032-CC8B-4FB8-B89E-0DC66D6B6BE3}.Release|x64.Build.0 = Release|Any CPU
		{74A70032-CC8B-4FB8-B89E-0DC66D6B6BE3}.Release|x86.ActiveCfg = Release|Any CPU
		{74A70032-CC8B-4FB8-B89E-0DC66D6B6BE3}.Release|x86.Build.0 = Release|Any CPU
		{72125E76-3C66-48D1-9C1E-291BFC6129B7}.Debug|Any CPU.ActiveCfg = Debug|Any CPU
		{72125E76-3C66-48D1-9C1E-291BFC6129B7}.Debug|Any CPU.Build.0 = Debug|Any CPU
		{72125E76-3C66-48D1-9C1E-291BFC6129B7}.Debug|x64.ActiveCfg = Debug|Any CPU
		{72125E76-3C66-48D1-9C1E-291BFC6129B7}.Debug|x64.Build.0 = Debug|Any CPU
		{72125E76-3C66-48D1-9C1E-291BFC6129B7}.Debug|x86.ActiveCfg = Debug|Any CPU
		{72125E76-3C66-48D1-9C1E-291BFC6129B7}.Debug|x86.Build.0 = Debug|Any CPU
		{72125E76-3C66-48D1-9C1E-291BFC6129B7}.Release|Any CPU.ActiveCfg = Release|Any CPU
		{72125E76-3C66-48D1-9C1E-291BFC6129B7}.Release|Any CPU.Build.0 = Release|Any CPU
		{72125E76-3C66-48D1-9C1E-291BFC6129B7}.Release|x64.ActiveCfg = Release|Any CPU
		{72125E76-3C66-48D1-9C1E-291BFC6129B7}.Release|x64.Build.0 = Release|Any CPU
		{72125E76-3C66-48D1-9C1E-291BFC6129B7}.Release|x86.ActiveCfg = Release|Any CPU
		{72125E76-3C66-48D1-9C1E-291BFC6129B7}.Release|x86.Build.0 = Release|Any CPU
		{F56D451E-2F2A-4BE6-80CD-0A665191B993}.Debug|Any CPU.ActiveCfg = Debug|Any CPU
		{F56D451E-2F2A-4BE6-80CD-0A665191B993}.Debug|Any CPU.Build.0 = Debug|Any CPU
		{F56D451E-2F2A-4BE6-80CD-0A665191B993}.Debug|x64.ActiveCfg = Debug|Any CPU
		{F56D451E-2F2A-4BE6-80CD-0A665191B993}.Debug|x64.Build.0 = Debug|Any CPU
		{F56D451E-2F2A-4BE6-80CD-0A665191B993}.Debug|x86.ActiveCfg = Debug|Any CPU
		{F56D451E-2F2A-4BE6-80CD-0A665191B993}.Debug|x86.Build.0 = Debug|Any CPU
		{F56D451E-2F2A-4BE6-80CD-0A665191B993}.Release|Any CPU.ActiveCfg = Release|Any CPU
		{F56D451E-2F2A-4BE6-80CD-0A665191B993}.Release|Any CPU.Build.0 = Release|Any CPU
		{F56D451E-2F2A-4BE6-80CD-0A665191B993}.Release|x64.ActiveCfg = Release|Any CPU
		{F56D451E-2F2A-4BE6-80CD-0A665191B993}.Release|x64.Build.0 = Release|Any CPU
		{F56D451E-2F2A-4BE6-80CD-0A665191B993}.Release|x86.ActiveCfg = Release|Any CPU
		{F56D451E-2F2A-4BE6-80CD-0A665191B993}.Release|x86.Build.0 = Release|Any CPU
		{D1613E1E-7E35-4E8E-A2EC-1D308E271517}.Debug|Any CPU.ActiveCfg = Debug|Any CPU
		{D1613E1E-7E35-4E8E-A2EC-1D308E271517}.Debug|Any CPU.Build.0 = Debug|Any CPU
		{D1613E1E-7E35-4E8E-A2EC-1D308E271517}.Debug|x64.ActiveCfg = Debug|Any CPU
		{D1613E1E-7E35-4E8E-A2EC-1D308E271517}.Debug|x64.Build.0 = Debug|Any CPU
		{D1613E1E-7E35-4E8E-A2EC-1D308E271517}.Debug|x86.ActiveCfg = Debug|Any CPU
		{D1613E1E-7E35-4E8E-A2EC-1D308E271517}.Debug|x86.Build.0 = Debug|Any CPU
		{D1613E1E-7E35-4E8E-A2EC-1D308E271517}.Release|Any CPU.ActiveCfg = Release|Any CPU
		{D1613E1E-7E35-4E8E-A2EC-1D308E271517}.Release|Any CPU.Build.0 = Release|Any CPU
		{D1613E1E-7E35-4E8E-A2EC-1D308E271517}.Release|x64.ActiveCfg = Release|Any CPU
		{D1613E1E-7E35-4E8E-A2EC-1D308E271517}.Release|x64.Build.0 = Release|Any CPU
		{D1613E1E-7E35-4E8E-A2EC-1D308E271517}.Release|x86.ActiveCfg = Release|Any CPU
		{D1613E1E-7E35-4E8E-A2EC-1D308E271517}.Release|x86.Build.0 = Release|Any CPU
		{3FFDB473-D21B-44EA-9424-C52A479239D0}.Debug|Any CPU.ActiveCfg = Debug|Any CPU
		{3FFDB473-D21B-44EA-9424-C52A479239D0}.Debug|Any CPU.Build.0 = Debug|Any CPU
		{3FFDB473-D21B-44EA-9424-C52A479239D0}.Debug|x64.ActiveCfg = Debug|Any CPU
		{3FFDB473-D21B-44EA-9424-C52A479239D0}.Debug|x64.Build.0 = Debug|Any CPU
		{3FFDB473-D21B-44EA-9424-C52A479239D0}.Debug|x86.ActiveCfg = Debug|Any CPU
		{3FFDB473-D21B-44EA-9424-C52A479239D0}.Debug|x86.Build.0 = Debug|Any CPU
		{3FFDB473-D21B-44EA-9424-C52A479239D0}.Release|Any CPU.ActiveCfg = Release|Any CPU
		{3FFDB473-D21B-44EA-9424-C52A479239D0}.Release|Any CPU.Build.0 = Release|Any CPU
		{3FFDB473-D21B-44EA-9424-C52A479239D0}.Release|x64.ActiveCfg = Release|Any CPU
		{3FFDB473-D21B-44EA-9424-C52A479239D0}.Release|x64.Build.0 = Release|Any CPU
		{3FFDB473-D21B-44EA-9424-C52A479239D0}.Release|x86.ActiveCfg = Release|Any CPU
		{3FFDB473-D21B-44EA-9424-C52A479239D0}.Release|x86.Build.0 = Release|Any CPU
		{1CDCBC2D-BC6C-4B5E-9397-ADD4E4057EB7}.Debug|Any CPU.ActiveCfg = Debug|Any CPU
		{1CDCBC2D-BC6C-4B5E-9397-ADD4E4057EB7}.Debug|Any CPU.Build.0 = Debug|Any CPU
		{1CDCBC2D-BC6C-4B5E-9397-ADD4E4057EB7}.Debug|x64.ActiveCfg = Debug|Any CPU
		{1CDCBC2D-BC6C-4B5E-9397-ADD4E4057EB7}.Debug|x64.Build.0 = Debug|Any CPU
		{1CDCBC2D-BC6C-4B5E-9397-ADD4E4057EB7}.Debug|x86.ActiveCfg = Debug|Any CPU
		{1CDCBC2D-BC6C-4B5E-9397-ADD4E4057EB7}.Debug|x86.Build.0 = Debug|Any CPU
		{1CDCBC2D-BC6C-4B5E-9397-ADD4E4057EB7}.Release|Any CPU.ActiveCfg = Release|Any CPU
		{1CDCBC2D-BC6C-4B5E-9397-ADD4E4057EB7}.Release|Any CPU.Build.0 = Release|Any CPU
		{1CDCBC2D-BC6C-4B5E-9397-ADD4E4057EB7}.Release|x64.ActiveCfg = Release|Any CPU
		{1CDCBC2D-BC6C-4B5E-9397-ADD4E4057EB7}.Release|x64.Build.0 = Release|Any CPU
		{1CDCBC2D-BC6C-4B5E-9397-ADD4E4057EB7}.Release|x86.ActiveCfg = Release|Any CPU
		{1CDCBC2D-BC6C-4B5E-9397-ADD4E4057EB7}.Release|x86.Build.0 = Release|Any CPU
	EndGlobalSection
	GlobalSection(SolutionProperties) = preSolution
		HideSolutionNode = FALSE
	EndGlobalSection
	GlobalSection(NestedProjects) = preSolution
		{90C6817F-E21B-4E65-94D8-071016C4B129} = {02EA681E-C7D8-13C7-8484-4AC65E1B71E8}
		{A1B2C3D4-E5F6-7890-ABCD-EF1234567890} = {90C6817F-E21B-4E65-94D8-071016C4B129}
		{B2C3D4E5-F6A7-8901-BCDE-F12345678901} = {90C6817F-E21B-4E65-94D8-071016C4B129}
		{C3D4E5F6-A7B8-9012-CDEF-123456789012} = {90C6817F-E21B-4E65-94D8-071016C4B129}
		{D4E5F6A7-B8C9-0123-DEF0-234567890123} = {8E71731B-5A1C-4E07-8BAC-AC4E2DF19153}
		{8BFC7C8F-1D77-42EE-9470-849B35AE6802} = {02EA681E-C7D8-13C7-8484-4AC65E1B71E8}
		{ED91F3F6-973D-4816-88ED-6951A6A43D7B} = {8BFC7C8F-1D77-42EE-9470-849B35AE6802}
		{5272742C-C623-4BF2-A65C-5D74C2CB4BC2} = {ED91F3F6-973D-4816-88ED-6951A6A43D7B}
		{09F1657F-D4BF-4C1B-A4BD-9D9DB1B084E8} = {ED91F3F6-973D-4816-88ED-6951A6A43D7B}
		{2B2461CD-02DA-4F69-BF96-DD46C7143690} = {ED91F3F6-973D-4816-88ED-6951A6A43D7B}
		{D48927A7-E665-481A-B076-939350FD9D55} = {8BFC7C8F-1D77-42EE-9470-849B35AE6802}
		{643E188C-9A19-463B-8AA0-44B2C953896B} = {D48927A7-E665-481A-B076-939350FD9D55}
		{1EA34CA4-3B76-42A7-AEEA-466DBB3399AC} = {D48927A7-E665-481A-B076-939350FD9D55}
		{2BBA8965-59CA-4CBA-BFAC-6CBFAB65D489} = {D48927A7-E665-481A-B076-939350FD9D55}
		{F7A8B9C0-D1E2-3456-F012-456789012345} = {D48927A7-E665-481A-B076-939350FD9D55}
		{6DEA0947-9B87-4539-83FC-14A2E7FC13B1} = {8BFC7C8F-1D77-42EE-9470-849B35AE6802}
		{C2434D34-CEBE-4DB5-9B4A-19E5519A8E43} = {6DEA0947-9B87-4539-83FC-14A2E7FC13B1}
		{C23624E5-7F97-46DD-AC9D-CF94B1109B4B} = {6DEA0947-9B87-4539-83FC-14A2E7FC13B1}
		{7E30A57F-801D-45D6-B944-34063B978F4F} = {6DEA0947-9B87-4539-83FC-14A2E7FC13B1}
		{482DF939-DAB3-47F3-B65E-A9EEC67B3BD5} = {D48927A7-E665-481A-B076-939350FD9D55}
		{70CF8508-E559-4E06-9CC2-C0D211730BC3} = {ED91F3F6-973D-4816-88ED-6951A6A43D7B}
		{EB9221CB-1EE5-45D2-952C-AC746DF7A634} = {6DEA0947-9B87-4539-83FC-14A2E7FC13B1}
		{8E71731B-5A1C-4E07-8BAC-AC4E2DF19153} = {02EA681E-C7D8-13C7-8484-4AC65E1B71E8}
		{A4D53ECE-15BC-462B-AD21-92B39B6FAF34} = {6DEA0947-9B87-4539-83FC-14A2E7FC13B1}
		{97939DA0-BA14-4A70-B5D0-F37E2C22FD8E} = {ED91F3F6-973D-4816-88ED-6951A6A43D7B}
		{3CF84864-D297-F17A-155D-2B4DB468456C} = {8BFC7C8F-1D77-42EE-9470-849B35AE6802}
		{E687C1EC-CC2C-4C1A-98A2-C15675E8CB70} = {3CF84864-D297-F17A-155D-2B4DB468456C}
		{88D76271-4D44-4956-B30E-66F87ED48293} = {3CF84864-D297-F17A-155D-2B4DB468456C}
		{4D2027D3-49C5-4088-94EB-0CF7B97B9529} = {3CF84864-D297-F17A-155D-2B4DB468456C}
		{1B632441-4EA5-4E6A-99C6-F4B014C00DCE} = {3CF84864-D297-F17A-155D-2B4DB468456C}
		{D130E592-481C-4557-989A-BA69256D351C} = {3CF84864-D297-F17A-155D-2B4DB468456C}
		{F79A8F5D-CC2B-EE1B-E46A-35F878113F00} = {8BFC7C8F-1D77-42EE-9470-849B35AE6802}
		{A82F9EBE-DD82-4F1A-98D5-A27CB6B3E11F} = {F79A8F5D-CC2B-EE1B-E46A-35F878113F00}
		{4FBAB09F-5D2F-4CCC-9E43-A42EDDE1211E} = {F79A8F5D-CC2B-EE1B-E46A-35F878113F00}
		{BEEFCEDE-D79F-459A-A780-1F331E85074E} = {F79A8F5D-CC2B-EE1B-E46A-35F878113F00}
		{1B64E1E8-0CFA-44BE-890E-C449CE348122} = {F79A8F5D-CC2B-EE1B-E46A-35F878113F00}
		{37765A73-8902-4806-A95E-DD6295D8E69B} = {F79A8F5D-CC2B-EE1B-E46A-35F878113F00}
		{EE25DD69-B5F4-93F4-83AE-EC2C0BBB3082} = {8BFC7C8F-1D77-42EE-9470-849B35AE6802}
		{734E944F-C231-4241-80E4-05F5BA9B63F1} = {EE25DD69-B5F4-93F4-83AE-EC2C0BBB3082}
		{B7A0E05E-E716-48BB-AF89-B0CA9CB654EA} = {EE25DD69-B5F4-93F4-83AE-EC2C0BBB3082}
		{6329237C-A523-4C2E-B818-DAFB8ED70E6F} = {EE25DD69-B5F4-93F4-83AE-EC2C0BBB3082}
		{C11C6D45-00B3-468E-9D74-E62F44C4639D} = {EE25DD69-B5F4-93F4-83AE-EC2C0BBB3082}
		{361F9AD3-E8FF-42FC-8924-C2C29C2858DB} = {EE25DD69-B5F4-93F4-83AE-EC2C0BBB3082}
		{B6596250-615F-F470-90EA-E98F9A4BB1A6} = {8BFC7C8F-1D77-42EE-9470-849B35AE6802}
		{9FA05AB5-1A72-40DF-9785-2715E7EB7A98} = {B6596250-615F-F470-90EA-E98F9A4BB1A6}
		{47582979-34E8-4576-969F-1EF1C9CBA685} = {B6596250-615F-F470-90EA-E98F9A4BB1A6}
		{141C8B39-3381-4286-9892-67987A5ED95A} = {B6596250-615F-F470-90EA-E98F9A4BB1A6}
		{267EBC03-1422-4DDF-B6C6-B7054A597FFB} = {B6596250-615F-F470-90EA-E98F9A4BB1A6}
		{35C8FEA5-F061-45B9-A522-93F331929CC1} = {B6596250-615F-F470-90EA-E98F9A4BB1A6}
		{00135047-454A-5037-0153-970F286B38C5} = {8BFC7C8F-1D77-42EE-9470-849B35AE6802}
		{D156F79A-DF0E-4065-9871-760CE4FDB476} = {00135047-454A-5037-0153-970F286B38C5}
		{B42598EB-3E49-40A0-9E64-32DF80C8BFDC} = {00135047-454A-5037-0153-970F286B38C5}
		{FCD40292-77C5-4927-BC0E-F26A6E378D15} = {00135047-454A-5037-0153-970F286B38C5}
		{E5AA54F2-D378-4086-AE59-528FCF1CA850} = {00135047-454A-5037-0153-970F286B38C5}
		{AB6880EC-3122-4FAC-8914-2F6F0BC9ED60} = {00135047-454A-5037-0153-970F286B38C5}
		{A4CE10EC-FB56-1C74-E9F2-CFEE4B858A8F} = {8BFC7C8F-1D77-42EE-9470-849B35AE6802}
		{BFF8BC31-3467-40DE-8E6C-13B09EBDA9B8} = {A4CE10EC-FB56-1C74-E9F2-CFEE4B858A8F}
		{F2A1FE65-7FC0-4C70-B123-C92DB79B7FEA} = {A4CE10EC-FB56-1C74-E9F2-CFEE4B858A8F}
		{DB9FB69C-7966-4ED7-8F3C-8827749958F1} = {A4CE10EC-FB56-1C74-E9F2-CFEE4B858A8F}
		{EDFC1B08-087F-4ADB-AC40-743755184C3C} = {A4CE10EC-FB56-1C74-E9F2-CFEE4B858A8F}
		{3C53BE64-DF7F-434C-B8A1-712415F3196B} = {A4CE10EC-FB56-1C74-E9F2-CFEE4B858A8F}
		{840CEE81-E3E0-7B11-DF20-1C8E966B7107} = {8BFC7C8F-1D77-42EE-9470-849B35AE6802}
		{BE6A4F24-EDAF-4017-96DE-B70CF9C76C80} = {840CEE81-E3E0-7B11-DF20-1C8E966B7107}
		{4F427ACD-93ED-4FD8-98E6-07F6AB0C7820} = {840CEE81-E3E0-7B11-DF20-1C8E966B7107}
		{B0AE1CF8-EABF-4402-8C51-4BC04B7ACA8A} = {840CEE81-E3E0-7B11-DF20-1C8E966B7107}
		{DEE350E4-C2BD-458E-9964-B1A178FF1F80} = {840CEE81-E3E0-7B11-DF20-1C8E966B7107}
		{759BAEF6-3AF8-4BD3-B6E1-20A56C0FE676} = {840CEE81-E3E0-7B11-DF20-1C8E966B7107}
		{F463BB37-CCD7-5EA2-DD58-D50DAE59D09D} = {8BFC7C8F-1D77-42EE-9470-849B35AE6802}
		{3D8D5368-1878-45C2-974D-4FD4523C7CB8} = {F463BB37-CCD7-5EA2-DD58-D50DAE59D09D}
		{6E1784B0-DDF4-431A-93DF-95247FD025D4} = {F463BB37-CCD7-5EA2-DD58-D50DAE59D09D}
		{7E7D0719-379B-4723-BB17-B8CE19324667} = {F463BB37-CCD7-5EA2-DD58-D50DAE59D09D}
		{B281EEE4-208C-456D-8D10-5AFF8805A598} = {F463BB37-CCD7-5EA2-DD58-D50DAE59D09D}
		{7975F1B7-CC87-4C9E-8700-5523D4725402} = {F463BB37-CCD7-5EA2-DD58-D50DAE59D09D}
		{1797AFA9-8BD0-2422-E462-1D1382C50A4C} = {8BFC7C8F-1D77-42EE-9470-849B35AE6802}
		{C91C4697-B377-4BFC-8F76-F9FFBA04C26C} = {1797AFA9-8BD0-2422-E462-1D1382C50A4C}
		{79654CE4-0B38-4B4D-A5F9-92E4B2EAD137} = {1797AFA9-8BD0-2422-E462-1D1382C50A4C}
		{7713D920-438A-4A02-906D-E3CFB8BBA96F} = {1797AFA9-8BD0-2422-E462-1D1382C50A4C}
		{D713EF7C-906C-46DF-A325-1CA007C049A0} = {1797AFA9-8BD0-2422-E462-1D1382C50A4C}
		{D3E6CC7E-15E9-4D8A-855D-95E5590031FA} = {1797AFA9-8BD0-2422-E462-1D1382C50A4C}
		{09FB44B1-0203-85CE-FE05-4BB2F3A07D76} = {8BFC7C8F-1D77-42EE-9470-849B35AE6802}
		{5FDD0C46-4AB5-4021-B23D-206AA51AF7AC} = {09FB44B1-0203-85CE-FE05-4BB2F3A07D76}
		{F7CA55B9-A8F9-4389-B65B-F8BFAA986089} = {09FB44B1-0203-85CE-FE05-4BB2F3A07D76}
		{46E744AB-9B14-40B7-9CE4-38FC506C1745} = {09FB44B1-0203-85CE-FE05-4BB2F3A07D76}
		{15EADE8D-A550-4EC2-A0CC-FE35663D5197} = {09FB44B1-0203-85CE-FE05-4BB2F3A07D76}
		{143F9EC9-B9AD-433C-8337-C2FC2A7C2177} = {09FB44B1-0203-85CE-FE05-4BB2F3A07D76}
		{24F553AB-A7BE-A184-4521-891DAA334CC3} = {8BFC7C8F-1D77-42EE-9470-849B35AE6802}
		{1022B926-035E-4A33-AD4A-569C1D6AD09B} = {24F553AB-A7BE-A184-4521-891DAA334CC3}
		{4C6D45B2-F6D8-4E98-8DEB-56691E8DE6AE} = {24F553AB-A7BE-A184-4521-891DAA334CC3}
		{AEDBBA0D-CCDF-4748-ACFF-91217362194E} = {24F553AB-A7BE-A184-4521-891DAA334CC3}
		{74A70032-CC8B-4FB8-B89E-0DC66D6B6BE3} = {24F553AB-A7BE-A184-4521-891DAA334CC3}
		{72125E76-3C66-48D1-9C1E-291BFC6129B7} = {24F553AB-A7BE-A184-4521-891DAA334CC3}
		{F56D451E-2F2A-4BE6-80CD-0A665191B993} = {DB7FABC0-9AAE-4EF6-920A-2C0B913A860C}
		{DB7FABC0-9AAE-4EF6-920A-2C0B913A860C} = {02EA681E-C7D8-13C7-8484-4AC65E1B71E8}
		{D1613E1E-7E35-4E8E-A2EC-1D308E271517} = {0AB3BF05-4346-4AA6-1389-037BE0695223}
		{3FFDB473-D21B-44EA-9424-C52A479239D0} = {0AB3BF05-4346-4AA6-1389-037BE0695223}
		{1CDCBC2D-BC6C-4B5E-9397-ADD4E4057EB7} = {90C6817F-E21B-4E65-94D8-071016C4B129}
	EndGlobalSection
	GlobalSection(ExtensibilityGlobals) = postSolution
		SolutionGuid = {0EB4D6C8-054D-4543-BCBB-640115934A4C}
	EndGlobalSection
EndGlobal
